
Microsoft Visual Studio Solution File, Format Version 12.00
# Visual Studio Version 16
VisualStudioVersion = 16.0.30114.105
MinimumVisualStudioVersion = 10.0.40219.1
Project("{FAE04EC0-301F-11D3-BF4B-00C04F79EFBC}") = "CloudConsult.Consultation.Api", "CloudConsult.Consultation.Api\CloudConsult.Consultation.Api.csproj", "{5847DCAC-A83D-4355-8959-0BF03D6DF948}"
EndProject
Project("{FAE04EC0-301F-11D3-BF4B-00C04F79EFBC}") = "CloudConsult.Consultation.Domain", "CloudConsult.Consultation.Domain\CloudConsult.Consultation.Domain.csproj", "{93DD3526-E088-4B47-A90E-4B21BA4F8943}"
EndProject
Project("{FAE04EC0-301F-11D3-BF4B-00C04F79EFBC}") = "CloudConsult.Consultation.Infrastructure", "CloudConsult.Consultation.Infrastructure\CloudConsult.Consultation.Infrastructure.csproj", "{510E13B4-6CCC-4D35-9A42-51B378019DF5}"
EndProject
Project("{FAE04EC0-301F-11D3-BF4B-00C04F79EFBC}") = "CloudConsult.Consultation.Services.SqlServer", "CloudConsult.Consultation.Services.SqlServer\CloudConsult.Consultation.Services.SqlServer.csproj", "{8CE997D1-C346-4C6E-91C9-86F98C8AEAB6}"
EndProject
Global
	GlobalSection(SolutionConfigurationPlatforms) = preSolution
		Debug|Any CPU = Debug|Any CPU
		Debug|x64 = Debug|x64
		Debug|x86 = Debug|x86
		Release|Any CPU = Release|Any CPU
		Release|x64 = Release|x64
		Release|x86 = Release|x86
	EndGlobalSection
	GlobalSection(ProjectConfigurationPlatforms) = postSolution
		{5847DCAC-A83D-4355-8959-0BF03D6DF948}.Debug|Any CPU.ActiveCfg = Debug|Any CPU
		{5847DCAC-A83D-4355-8959-0BF03D6DF948}.Debug|Any CPU.Build.0 = Debug|Any CPU
		{5847DCAC-A83D-4355-8959-0BF03D6DF948}.Debug|x64.ActiveCfg = Debug|Any CPU
		{5847DCAC-A83D-4355-8959-0BF03D6DF948}.Debug|x64.Build.0 = Debug|Any CPU
		{5847DCAC-A83D-4355-8959-0BF03D6DF948}.Debug|x86.ActiveCfg = Debug|Any CPU
		{5847DCAC-A83D-4355-8959-0BF03D6DF948}.Debug|x86.Build.0 = Debug|Any CPU
		{5847DCAC-A83D-4355-8959-0BF03D6DF948}.Release|Any CPU.ActiveCfg = Release|Any CPU
		{5847DCAC-A83D-4355-8959-0BF03D6DF948}.Release|Any CPU.Build.0 = Release|Any CPU
		{5847DCAC-A83D-4355-8959-0BF03D6DF948}.Release|x64.ActiveCfg = Release|Any CPU
		{5847DCAC-A83D-4355-8959-0BF03D6DF948}.Release|x64.Build.0 = Release|Any CPU
		{5847DCAC-A83D-4355-8959-0BF03D6DF948}.Release|x86.ActiveCfg = Release|Any CPU
		{5847DCAC-A83D-4355-8959-0BF03D6DF948}.Release|x86.Build.0 = Release|Any CPU
		{93DD3526-E088-4B47-A90E-4B21BA4F8943}.Debug|Any CPU.ActiveCfg = Debug|Any CPU
		{93DD3526-E088-4B47-A90E-4B21BA4F8943}.Debug|Any CPU.Build.0 = Debug|Any CPU
		{93DD3526-E088-4B47-A90E-4B21BA4F8943}.Debug|x64.ActiveCfg = Debug|Any CPU
		{93DD3526-E088-4B47-A90E-4B21BA4F8943}.Debug|x64.Build.0 = Debug|Any CPU
		{93DD3526-E088-4B47-A90E-4B21BA4F8943}.Debug|x86.ActiveCfg = Debug|Any CPU
		{93DD3526-E088-4B47-A90E-4B21BA4F8943}.Debug|x86.Build.0 = Debug|Any CPU
		{93DD3526-E088-4B47-A90E-4B21BA4F8943}.Release|Any CPU.ActiveCfg = Release|Any CPU
		{93DD3526-E088-4B47-A90E-4B21BA4F8943}.Release|Any CPU.Build.0 = Release|Any CPU
		{93DD3526-E088-4B47-A90E-4B21BA4F8943}.Release|x64.ActiveCfg = Release|Any CPU
		{93DD3526-E088-4B47-A90E-4B21BA4F8943}.Release|x64.Build.0 = Release|Any CPU
		{93DD3526-E088-4B47-A90E-4B21BA4F8943}.Release|x86.ActiveCfg = Release|Any CPU
		{93DD3526-E088-4B47-A90E-4B21BA4F8943}.Release|x86.Build.0 = Release|Any CPU
		{510E13B4-6CCC-4D35-9A42-51B378019DF5}.Debug|Any CPU.ActiveCfg = Debug|Any CPU
		{510E13B4-6CCC-4D35-9A42-51B378019DF5}.Debug|Any CPU.Build.0 = Debug|Any CPU
		{510E13B4-6CCC-4D35-9A42-51B378019DF5}.Debug|x64.ActiveCfg = Debug|Any CPU
		{510E13B4-6CCC-4D35-9A42-51B378019DF5}.Debug|x64.Build.0 = Debug|Any CPU
		{510E13B4-6CCC-4D35-9A42-51B378019DF5}.Debug|x86.ActiveCfg = Debug|Any CPU
		{510E13B4-6CCC-4D35-9A42-51B378019DF5}.Debug|x86.Build.0 = Debug|Any CPU
		{510E13B4-6CCC-4D35-9A42-51B378019DF5}.Release|Any CPU.ActiveCfg = Release|Any CPU
		{510E13B4-6CCC-4D35-9A42-51B378019DF5}.Release|Any CPU.Build.0 = Release|Any CPU
		{510E13B4-6CCC-4D35-9A42-51B378019DF5}.Release|x64.ActiveCfg = Release|Any CPU
		{510E13B4-6CCC-4D35-9A42-51B378019DF5}.Release|x64.Build.0 = Release|Any CPU
		{510E13B4-6CCC-4D35-9A42-51B378019DF5}.Release|x86.ActiveCfg = Release|Any CPU
		{510E13B4-6CCC-4D35-9A42-51B378019DF5}.Release|x86.Build.0 = Release|Any CPU
		{8CE997D1-C346-4C6E-91C9-86F98C8AEAB6}.Debug|Any CPU.ActiveCfg = Debug|Any CPU
		{8CE997D1-C346-4C6E-91C9-86F98C8AEAB6}.Debug|Any CPU.Build.0 = Debug|Any CPU
		{8CE997D1-C346-4C6E-91C9-86F98C8AEAB6}.Debug|x64.ActiveCfg = Debug|Any CPU
		{8CE997D1-C346-4C6E-91C9-86F98C8AEAB6}.Debug|x64.Build.0 = Debug|Any CPU
		{8CE997D1-C346-4C6E-91C9-86F98C8AEAB6}.Debug|x86.ActiveCfg = Debug|Any CPU
		{8CE997D1-C346-4C6E-91C9-86F98C8AEAB6}.Debug|x86.Build.0 = Debug|Any CPU
		{8CE997D1-C346-4C6E-91C9-86F98C8AEAB6}.Release|Any CPU.ActiveCfg = Release|Any CPU
		{8CE997D1-C346-4C6E-91C9-86F98C8AEAB6}.Release|Any CPU.Build.0 = Release|Any CPU
		{8CE997D1-C346-4C6E-91C9-86F98C8AEAB6}.Release|x64.ActiveCfg = Release|Any CPU
		{8CE997D1-C346-4C6E-91C9-86F98C8AEAB6}.Release|x64.Build.0 = Release|Any CPU
		{8CE997D1-C346-4C6E-91C9-86F98C8AEAB6}.Release|x86.ActiveCfg = Release|Any CPU
		{8CE997D1-C346-4C6E-91C9-86F98C8AEAB6}.Release|x86.Build.0 = Release|Any CPU
	EndGlobalSection
	GlobalSection(SolutionProperties) = preSolution
		HideSolutionNode = FALSE
	EndGlobalSection
	GlobalSection(ExtensibilityGlobals) = postSolution
		SolutionGuid = {C37D9D74-A97B-4BC0-8B45-EDD2F552D7DE}
	EndGlobalSection
EndGlobal
