
Microsoft Visual Studio Solution File, Format Version 12.00
# Visual Studio Version 16
VisualStudioVersion = 16.0.30114.105
MinimumVisualStudioVersion = 10.0.40219.1
Project("{FAE04EC0-301F-11D3-BF4B-00C04F79EFBC}") = "CloudConsult.Patient.Api", "CloudConsult.Patient.Api\CloudConsult.Patient.Api.csproj", "{ED42647C-90E2-4A44-B5BC-DD53C701C76C}"
EndProject
Project("{FAE04EC0-301F-11D3-BF4B-00C04F79EFBC}") = "CloudConsult.Patient.Domain", "CloudConsult.Patient.Domain\CloudConsult.Patient.Domain.csproj", "{758DC04E-F9CE-4D3F-ABD5-6BBE1D307D34}"
EndProject
Project("{FAE04EC0-301F-11D3-BF4B-00C04F79EFBC}") = "CloudConsult.Patient.Infrastructure", "CloudConsult.Patient.Infrastructure\CloudConsult.Patient.Infrastructure.csproj", "{3C19B426-B87C-4850-B039-C0C47C0C6B6B}"
EndProject
Project("{FAE04EC0-301F-11D3-BF4B-00C04F79EFBC}") = "CloudConsult.Patient.Services.MongoDb", "CloudConsult.Patient.Services.MongoDb\CloudConsult.Patient.Services.MongoDb.csproj", "{737C563D-3BD6-4F28-87A5-EC192EA19A55}"
EndProject
Global
	GlobalSection(SolutionConfigurationPlatforms) = preSolution
		Debug|Any CPU = Debug|Any CPU
		Debug|x64 = Debug|x64
		Debug|x86 = Debug|x86
		Release|Any CPU = Release|Any CPU
		Release|x64 = Release|x64
		Release|x86 = Release|x86
	EndGlobalSection
	GlobalSection(ProjectConfigurationPlatforms) = postSolution
		{ED42647C-90E2-4A44-B5BC-DD53C701C76C}.Debug|Any CPU.ActiveCfg = Debug|Any CPU
		{ED42647C-90E2-4A44-B5BC-DD53C701C76C}.Debug|Any CPU.Build.0 = Debug|Any CPU
		{ED42647C-90E2-4A44-B5BC-DD53C701C76C}.Debug|x64.ActiveCfg = Debug|Any CPU
		{ED42647C-90E2-4A44-B5BC-DD53C701C76C}.Debug|x64.Build.0 = Debug|Any CPU
		{ED42647C-90E2-4A44-B5BC-DD53C701C76C}.Debug|x86.ActiveCfg = Debug|Any CPU
		{ED42647C-90E2-4A44-B5BC-DD53C701C76C}.Debug|x86.Build.0 = Debug|Any CPU
		{ED42647C-90E2-4A44-B5BC-DD53C701C76C}.Release|Any CPU.ActiveCfg = Release|Any CPU
		{ED42647C-90E2-4A44-B5BC-DD53C701C76C}.Release|Any CPU.Build.0 = Release|Any CPU
		{ED42647C-90E2-4A44-B5BC-DD53C701C76C}.Release|x64.ActiveCfg = Release|Any CPU
		{ED42647C-90E2-4A44-B5BC-DD53C701C76C}.Release|x64.Build.0 = Release|Any CPU
		{ED42647C-90E2-4A44-B5BC-DD53C701C76C}.Release|x86.ActiveCfg = Release|Any CPU
		{ED42647C-90E2-4A44-B5BC-DD53C701C76C}.Release|x86.Build.0 = Release|Any CPU
		{758DC04E-F9CE-4D3F-ABD5-6BBE1D307D34}.Debug|Any CPU.ActiveCfg = Debug|Any CPU
		{758DC04E-F9CE-4D3F-ABD5-6BBE1D307D34}.Debug|Any CPU.Build.0 = Debug|Any CPU
		{758DC04E-F9CE-4D3F-ABD5-6BBE1D307D34}.Debug|x64.ActiveCfg = Debug|Any CPU
		{758DC04E-F9CE-4D3F-ABD5-6BBE1D307D34}.Debug|x64.Build.0 = Debug|Any CPU
		{758DC04E-F9CE-4D3F-ABD5-6BBE1D307D34}.Debug|x86.ActiveCfg = Debug|Any CPU
		{758DC04E-F9CE-4D3F-ABD5-6BBE1D307D34}.Debug|x86.Build.0 = Debug|Any CPU
		{758DC04E-F9CE-4D3F-ABD5-6BBE1D307D34}.Release|Any CPU.ActiveCfg = Release|Any CPU
		{758DC04E-F9CE-4D3F-ABD5-6BBE1D307D34}.Release|Any CPU.Build.0 = Release|Any CPU
		{758DC04E-F9CE-4D3F-ABD5-6BBE1D307D34}.Release|x64.ActiveCfg = Release|Any CPU
		{758DC04E-F9CE-4D3F-ABD5-6BBE1D307D34}.Release|x64.Build.0 = Release|Any CPU
		{758DC04E-F9CE-4D3F-ABD5-6BBE1D307D34}.Release|x86.ActiveCfg = Release|Any CPU
		{758DC04E-F9CE-4D3F-ABD5-6BBE1D307D34}.Release|x86.Build.0 = Release|Any CPU
		{3C19B426-B87C-4850-B039-C0C47C0C6B6B}.Debug|Any CPU.ActiveCfg = Debug|Any CPU
		{3C19B426-B87C-4850-B039-C0C47C0C6B6B}.Debug|Any CPU.Build.0 = Debug|Any CPU
		{3C19B426-B87C-4850-B039-C0C47C0C6B6B}.Debug|x64.ActiveCfg = Debug|Any CPU
		{3C19B426-B87C-4850-B039-C0C47C0C6B6B}.Debug|x64.Build.0 = Debug|Any CPU
		{3C19B426-B87C-4850-B039-C0C47C0C6B6B}.Debug|x86.ActiveCfg = Debug|Any CPU
		{3C19B426-B87C-4850-B039-C0C47C0C6B6B}.Debug|x86.Build.0 = Debug|Any CPU
		{3C19B426-B87C-4850-B039-C0C47C0C6B6B}.Release|Any CPU.ActiveCfg = Release|Any CPU
		{3C19B426-B87C-4850-B039-C0C47C0C6B6B}.Release|Any CPU.Build.0 = Release|Any CPU
		{3C19B426-B87C-4850-B039-C0C47C0C6B6B}.Release|x64.ActiveCfg = Release|Any CPU
		{3C19B426-B87C-4850-B039-C0C47C0C6B6B}.Release|x64.Build.0 = Release|Any CPU
		{3C19B426-B87C-4850-B039-C0C47C0C6B6B}.Release|x86.ActiveCfg = Release|Any CPU
		{3C19B426-B87C-4850-B039-C0C47C0C6B6B}.Release|x86.Build.0 = Release|Any CPU
		{737C563D-3BD6-4F28-87A5-EC192EA19A55}.Debug|Any CPU.ActiveCfg = Debug|Any CPU
		{737C563D-3BD6-4F28-87A5-EC192EA19A55}.Debug|Any CPU.Build.0 = Debug|Any CPU
		{737C563D-3BD6-4F28-87A5-EC192EA19A55}.Debug|x64.ActiveCfg = Debug|Any CPU
		{737C563D-3BD6-4F28-87A5-EC192EA19A55}.Debug|x64.Build.0 = Debug|Any CPU
		{737C563D-3BD6-4F28-87A5-EC192EA19A55}.Debug|x86.ActiveCfg = Debug|Any CPU
		{737C563D-3BD6-4F28-87A5-EC192EA19A55}.Debug|x86.Build.0 = Debug|Any CPU
		{737C563D-3BD6-4F28-87A5-EC192EA19A55}.Release|Any CPU.ActiveCfg = Release|Any CPU
		{737C563D-3BD6-4F28-87A5-EC192EA19A55}.Release|Any CPU.Build.0 = Release|Any CPU
		{737C563D-3BD6-4F28-87A5-EC192EA19A55}.Release|x64.ActiveCfg = Release|Any CPU
		{737C563D-3BD6-4F28-87A5-EC192EA19A55}.Release|x64.Build.0 = Release|Any CPU
		{737C563D-3BD6-4F28-87A5-EC192EA19A55}.Release|x86.ActiveCfg = Release|Any CPU
		{737C563D-3BD6-4F28-87A5-EC192EA19A55}.Release|x86.Build.0 = Release|Any CPU
	EndGlobalSection
	GlobalSection(SolutionProperties) = preSolution
		HideSolutionNode = FALSE
	EndGlobalSection
	GlobalSection(ExtensibilityGlobals) = postSolution
		SolutionGuid = {41A3E727-2E7D-4988-A3EC-9C10A11760B7}
	EndGlobalSection
EndGlobal
