
Microsoft Visual Studio Solution File, Format Version 12.00
# Visual Studio Version 17
VisualStudioVersion = 17.0.31919.166
MinimumVisualStudioVersion = 10.0.40219.1
Project("{FAE04EC0-301F-11D3-BF4B-00C04F79EFBC}") = "CloudConsult.ApiGateway", "CloudConsult.ApiGateway\CloudConsult.ApiGateway.csproj", "{06643FEA-76E8-4214-9DC8-4AFC9D285FCE}"
EndProject
Global
	GlobalSection(SolutionConfigurationPlatforms) = preSolution
		Debug|Any CPU = Debug|Any CPU
		Release|Any CPU = Release|Any CPU
	EndGlobalSection
	GlobalSection(ProjectConfigurationPlatforms) = postSolution
		{06643FEA-76E8-4214-9DC8-4AFC9D285FCE}.Debug|Any CPU.ActiveCfg = Debug|Any CPU
		{06643FEA-76E8-4214-9DC8-4AFC9D285FCE}.Debug|Any CPU.Build.0 = Debug|Any CPU
		{06643FEA-76E8-4214-9DC8-4AFC9D285FCE}.Release|Any CPU.ActiveCfg = Release|Any CPU
		{06643FEA-76E8-4214-9DC8-4AFC9D285FCE}.Release|Any CPU.Build.0 = Release|Any CPU
	EndGlobalSection
	GlobalSection(SolutionProperties) = preSolution
		HideSolutionNode = FALSE
	EndGlobalSection
	GlobalSection(ExtensibilityGlobals) = postSolution
		SolutionGuid = {B6DAB4B7-4DD4-4571-801E-99DF2710EEAF}
	EndGlobalSection
EndGlobal
