
Microsoft Visual Studio Solution File, Format Version 12.00
# Visual Studio Version 17
VisualStudioVersion = 17.0.31919.166
MinimumVisualStudioVersion = 10.0.40219.1
Project("{FAE04EC0-301F-11D3-BF4B-00C04F79EFBC}") = "CloudConsult.UI.Blazor", "CloudConsult.UI.Blazor\CloudConsult.UI.Blazor.csproj", "{32103CBA-A31B-46B8-ACA7-B04830F5A31F}"
EndProject
Global
	GlobalSection(SolutionConfigurationPlatforms) = preSolution
		Debug|Any CPU = Debug|Any CPU
		Release|Any CPU = Release|Any CPU
	EndGlobalSection
	GlobalSection(ProjectConfigurationPlatforms) = postSolution
		{32103CBA-A31B-46B8-ACA7-B04830F5A31F}.Debug|Any CPU.ActiveCfg = Debug|Any CPU
		{32103CBA-A31B-46B8-ACA7-B04830F5A31F}.Debug|Any CPU.Build.0 = Debug|Any CPU
		{32103CBA-A31B-46B8-ACA7-B04830F5A31F}.Release|Any CPU.ActiveCfg = Release|Any CPU
		{32103CBA-A31B-46B8-ACA7-B04830F5A31F}.Release|Any CPU.Build.0 = Release|Any CPU
	EndGlobalSection
	GlobalSection(SolutionProperties) = preSolution
		HideSolutionNode = FALSE
	EndGlobalSection
	GlobalSection(ExtensibilityGlobals) = postSolution
		SolutionGuid = {27B73CE9-B559-40FB-AFB6-71795511158C}
	EndGlobalSection
EndGlobal
