
Microsoft Visual Studio Solution File, Format Version 12.00
# Visual Studio Version 16
VisualStudioVersion = 16.0.30114.105
MinimumVisualStudioVersion = 10.0.40219.1
Project("{FAE04EC0-301F-11D3-BF4B-00C04F79EFBC}") = "CloudConsult.Notification.Api", "CloudConsult.Notification.Api\CloudConsult.Notification.Api.csproj", "{EEB69F35-D05A-497D-8040-9ADA6938F4E6}"
EndProject
Project("{FAE04EC0-301F-11D3-BF4B-00C04F79EFBC}") = "CloudConsult.Notification.Common", "CloudConsult.Notification.Common\CloudConsult.Notification.Common.csproj", "{7AE3DBDD-7884-467F-BC77-80693CB28A9F}"
EndProject
Global
	GlobalSection(SolutionConfigurationPlatforms) = preSolution
		Debug|Any CPU = Debug|Any CPU
		Debug|x64 = Debug|x64
		Debug|x86 = Debug|x86
		Release|Any CPU = Release|Any CPU
		Release|x64 = Release|x64
		Release|x86 = Release|x86
	EndGlobalSection
	GlobalSection(SolutionProperties) = preSolution
		HideSolutionNode = FALSE
	EndGlobalSection
	GlobalSection(ProjectConfigurationPlatforms) = postSolution
		{EEB69F35-D05A-497D-8040-9ADA6938F4E6}.Debug|Any CPU.ActiveCfg = Debug|Any CPU
		{EEB69F35-D05A-497D-8040-9ADA6938F4E6}.Debug|Any CPU.Build.0 = Debug|Any CPU
		{EEB69F35-D05A-497D-8040-9ADA6938F4E6}.Debug|x64.ActiveCfg = Debug|Any CPU
		{EEB69F35-D05A-497D-8040-9ADA6938F4E6}.Debug|x64.Build.0 = Debug|Any CPU
		{EEB69F35-D05A-497D-8040-9ADA6938F4E6}.Debug|x86.ActiveCfg = Debug|Any CPU
		{EEB69F35-D05A-497D-8040-9ADA6938F4E6}.Debug|x86.Build.0 = Debug|Any CPU
		{EEB69F35-D05A-497D-8040-9ADA6938F4E6}.Release|Any CPU.ActiveCfg = Release|Any CPU
		{EEB69F35-D05A-497D-8040-9ADA6938F4E6}.Release|Any CPU.Build.0 = Release|Any CPU
		{EEB69F35-D05A-497D-8040-9ADA6938F4E6}.Release|x64.ActiveCfg = Release|Any CPU
		{EEB69F35-D05A-497D-8040-9ADA6938F4E6}.Release|x64.Build.0 = Release|Any CPU
		{EEB69F35-D05A-497D-8040-9ADA6938F4E6}.Release|x86.ActiveCfg = Release|Any CPU
		{EEB69F35-D05A-497D-8040-9ADA6938F4E6}.Release|x86.Build.0 = Release|Any CPU
		{7AE3DBDD-7884-467F-BC77-80693CB28A9F}.Debug|Any CPU.ActiveCfg = Debug|Any CPU
		{7AE3DBDD-7884-467F-BC77-80693CB28A9F}.Debug|Any CPU.Build.0 = Debug|Any CPU
		{7AE3DBDD-7884-467F-BC77-80693CB28A9F}.Debug|x64.ActiveCfg = Debug|Any CPU
		{7AE3DBDD-7884-467F-BC77-80693CB28A9F}.Debug|x64.Build.0 = Debug|Any CPU
		{7AE3DBDD-7884-467F-BC77-80693CB28A9F}.Debug|x86.ActiveCfg = Debug|Any CPU
		{7AE3DBDD-7884-467F-BC77-80693CB28A9F}.Debug|x86.Build.0 = Debug|Any CPU
		{7AE3DBDD-7884-467F-BC77-80693CB28A9F}.Release|Any CPU.ActiveCfg = Release|Any CPU
		{7AE3DBDD-7884-467F-BC77-80693CB28A9F}.Release|Any CPU.Build.0 = Release|Any CPU
		{7AE3DBDD-7884-467F-BC77-80693CB28A9F}.Release|x64.ActiveCfg = Release|Any CPU
		{7AE3DBDD-7884-467F-BC77-80693CB28A9F}.Release|x64.Build.0 = Release|Any CPU
		{7AE3DBDD-7884-467F-BC77-80693CB28A9F}.Release|x86.ActiveCfg = Release|Any CPU
		{7AE3DBDD-7884-467F-BC77-80693CB28A9F}.Release|x86.Build.0 = Release|Any CPU
	EndGlobalSection
EndGlobal
