
Microsoft Visual Studio Solution File, Format Version 12.00
# Visual Studio Version 17
VisualStudioVersion = 17.0.31903.59
MinimumVisualStudioVersion = 10.0.40219.1
Project("{2150E333-8FDC-42A3-9474-1A3956D46DE8}") = "Doctor", "Doctor", "{E6E12A37-2AD0-42D6-874C-D7969E993757}"
EndProject
Project("{9A19103F-16F7-4668-BE54-9A1E7A4F7556}") = "CloudConsult.Doctor.Api", "doctor-service\CloudConsult.Doctor.Api\CloudConsult.Doctor.Api.csproj", "{61E3F14C-C9BC-4AD3-9B23-047D4FF69DAC}"
EndProject
Project("{9A19103F-16F7-4668-BE54-9A1E7A4F7556}") = "CloudConsult.Doctor.Domain", "doctor-service\CloudConsult.Doctor.Domain\CloudConsult.Doctor.Domain.csproj", "{CDC8BC9F-8EEE-4E8F-9949-74690F4A5242}"
EndProject
Project("{9A19103F-16F7-4668-BE54-9A1E7A4F7556}") = "CloudConsult.Doctor.Infrastructure", "doctor-service\CloudConsult.Doctor.Infrastructure\CloudConsult.Doctor.Infrastructure.csproj", "{76D385CC-DB57-4F87-9C6C-C86274C0B50A}"
EndProject
Project("{9A19103F-16F7-4668-BE54-9A1E7A4F7556}") = "CloudConsult.Doctor.Services.MongoDb", "doctor-service\CloudConsult.Doctor.Services.MongoDb\CloudConsult.Doctor.Services.MongoDb.csproj", "{8DA1531D-6EFD-47C6-B94F-0565BDBD1367}"
EndProject
Project("{2150E333-8FDC-42A3-9474-1A3956D46DE8}") = "Patient", "Patient", "{E5C4F51D-D0D8-4C62-9963-9B187549C38E}"
EndProject
Project("{2150E333-8FDC-42A3-9474-1A3956D46DE8}") = "Consultation", "Consultation", "{7C3834AC-9247-4221-B237-BDB0512E56E5}"
EndProject
Project("{2150E333-8FDC-42A3-9474-1A3956D46DE8}") = "Notification", "Notification", "{D74BCAFA-CE86-4850-9889-02A6CF6C8ECE}"
EndProject
Project("{2150E333-8FDC-42A3-9474-1A3956D46DE8}") = "Shared", "Shared", "{58CC8628-D16A-4203-BE26-78D5DC045F86}"
EndProject
Project("{9A19103F-16F7-4668-BE54-9A1E7A4F7556}") = "CloudConsult.Consultation.Api", "consultation-service\CloudConsult.Consultation.Api\CloudConsult.Consultation.Api.csproj", "{2A23C1E0-C527-4061-86E4-79D6BBE505E2}"
EndProject
Project("{9A19103F-16F7-4668-BE54-9A1E7A4F7556}") = "CloudConsult.Consultation.Domain", "consultation-service\CloudConsult.Consultation.Domain\CloudConsult.Consultation.Domain.csproj", "{1A980380-E32C-4BE1-9917-3DD815CF4340}"
EndProject
Project("{9A19103F-16F7-4668-BE54-9A1E7A4F7556}") = "CloudConsult.Consultation.Infrastructure", "consultation-service\CloudConsult.Consultation.Infrastructure\CloudConsult.Consultation.Infrastructure.csproj", "{9C4F5A2A-25CE-4494-BFA1-56DF0AE41805}"
EndProject
Project("{9A19103F-16F7-4668-BE54-9A1E7A4F7556}") = "CloudConsult.Consultation.Services.SqlServer", "consultation-service\CloudConsult.Consultation.Services.SqlServer\CloudConsult.Consultation.Services.SqlServer.csproj", "{8573543C-7F17-4C06-A758-E2C777980FB1}"
EndProject
Project("{9A19103F-16F7-4668-BE54-9A1E7A4F7556}") = "CloudConsult.Notification.Api", "notification-service\CloudConsult.Notification.Api\CloudConsult.Notification.Api.csproj", "{E6A960B6-42EF-4390-88FC-25424B3912DA}"
EndProject
Project("{9A19103F-16F7-4668-BE54-9A1E7A4F7556}") = "CloudConsult.Notification.Common", "notification-service\CloudConsult.Notification.Common\CloudConsult.Notification.Common.csproj", "{B89F2012-748B-4F73-A19D-02EFFF3A02E6}"
EndProject
Project("{9A19103F-16F7-4668-BE54-9A1E7A4F7556}") = "CloudConsult.Patient.Api", "patient-service\CloudConsult.Patient.Api\CloudConsult.Patient.Api.csproj", "{9AACCA7D-86F1-40EF-884D-EFA3A4322265}"
EndProject
Project("{9A19103F-16F7-4668-BE54-9A1E7A4F7556}") = "CloudConsult.Patient.Domain", "patient-service\CloudConsult.Patient.Domain\CloudConsult.Patient.Domain.csproj", "{850FB56F-6462-44D6-A979-D494171FCB6B}"
EndProject
Project("{9A19103F-16F7-4668-BE54-9A1E7A4F7556}") = "CloudConsult.Patient.Infrastructure", "patient-service\CloudConsult.Patient.Infrastructure\CloudConsult.Patient.Infrastructure.csproj", "{7D6136DC-C258-4841-A043-BB1393D07328}"
EndProject
Project("{9A19103F-16F7-4668-BE54-9A1E7A4F7556}") = "CloudConsult.Patient.Services.MongoDb", "patient-service\CloudConsult.Patient.Services.MongoDb\CloudConsult.Patient.Services.MongoDb.csproj", "{402EE44D-4B67-4165-8270-FE77B55651A6}"
EndProject
Project("{9A19103F-16F7-4668-BE54-9A1E7A4F7556}") = "CloudConsult.Common", "..\Shared\CloudConsult.Common\CloudConsult.Common.csproj", "{B92DB07E-F347-4253-959C-1900BDCD8833}"
EndProject
Project("{9A19103F-16F7-4668-BE54-9A1E7A4F7556}") = "CloudConsult.Common.DependencyInjection", "..\Shared\CloudConsult.Common.DependencyInjection\CloudConsult.Common.DependencyInjection.csproj", "{992B526F-0827-47D5-B7BC-8E9197D0870C}"
EndProject
Project("{2150E333-8FDC-42A3-9474-1A3956D46DE8}") = "Identity", "Identity", "{CCBF83D7-04D4-4B19-976B-8635170C7FE3}"
EndProject
Project("{9A19103F-16F7-4668-BE54-9A1E7A4F7556}") = "CloudConsult.Identity.Domain", "identity-service\CloudConsult.Identity.Domain\CloudConsult.Identity.Domain.csproj", "{9828F08B-DADC-4AEB-9572-9FB40F207AAB}"
EndProject
Project("{9A19103F-16F7-4668-BE54-9A1E7A4F7556}") = "CloudConsult.Identity.Api", "identity-service\CloudConsult.Identity.Api\CloudConsult.Identity.Api.csproj", "{76CEF422-1712-4A38-AF3B-FDD1E61BA8EC}"
EndProject
Project("{9A19103F-16F7-4668-BE54-9A1E7A4F7556}") = "CloudConsult.Identity.Infrastructure", "identity-service\CloudConsult.Identity.Infrastructure\CloudConsult.Identity.Infrastructure.csproj", "{98AA268B-2ABA-4509-985E-52F9C48DF219}"
EndProject
Project("{9A19103F-16F7-4668-BE54-9A1E7A4F7556}") = "CloudConsult.Identity.Services.SqlServer", "identity-service\CloudConsult.Identity.Services.SqlServer\CloudConsult.Identity.Services.SqlServer.csproj", "{95C6D706-9586-45B5-9521-CBF57B0241D8}"
EndProject
Project("{E53339B2-1760-4266-BCC7-CA923CBCF16C}") = "docker-compose", "docker-compose.dcproj", "{95DF96F9-E74B-4CE3-A18F-43AFD94C65B8}"
EndProject
Global
	GlobalSection(SolutionConfigurationPlatforms) = preSolution
		Debug|Any CPU = Debug|Any CPU
		Debug|x64 = Debug|x64
		Debug|x86 = Debug|x86
		Release|Any CPU = Release|Any CPU
		Release|x64 = Release|x64
		Release|x86 = Release|x86
	EndGlobalSection
	GlobalSection(ProjectConfigurationPlatforms) = postSolution
		{61E3F14C-C9BC-4AD3-9B23-047D4FF69DAC}.Debug|Any CPU.ActiveCfg = Debug|Any CPU
		{61E3F14C-C9BC-4AD3-9B23-047D4FF69DAC}.Debug|Any CPU.Build.0 = Debug|Any CPU
		{61E3F14C-C9BC-4AD3-9B23-047D4FF69DAC}.Debug|x64.ActiveCfg = Debug|Any CPU
		{61E3F14C-C9BC-4AD3-9B23-047D4FF69DAC}.Debug|x64.Build.0 = Debug|Any CPU
		{61E3F14C-C9BC-4AD3-9B23-047D4FF69DAC}.Debug|x86.ActiveCfg = Debug|Any CPU
		{61E3F14C-C9BC-4AD3-9B23-047D4FF69DAC}.Debug|x86.Build.0 = Debug|Any CPU
		{61E3F14C-C9BC-4AD3-9B23-047D4FF69DAC}.Release|Any CPU.ActiveCfg = Release|Any CPU
		{61E3F14C-C9BC-4AD3-9B23-047D4FF69DAC}.Release|Any CPU.Build.0 = Release|Any CPU
		{61E3F14C-C9BC-4AD3-9B23-047D4FF69DAC}.Release|x64.ActiveCfg = Release|Any CPU
		{61E3F14C-C9BC-4AD3-9B23-047D4FF69DAC}.Release|x64.Build.0 = Release|Any CPU
		{61E3F14C-C9BC-4AD3-9B23-047D4FF69DAC}.Release|x86.ActiveCfg = Release|Any CPU
		{61E3F14C-C9BC-4AD3-9B23-047D4FF69DAC}.Release|x86.Build.0 = Release|Any CPU
		{CDC8BC9F-8EEE-4E8F-9949-74690F4A5242}.Debug|Any CPU.ActiveCfg = Debug|Any CPU
		{CDC8BC9F-8EEE-4E8F-9949-74690F4A5242}.Debug|Any CPU.Build.0 = Debug|Any CPU
		{CDC8BC9F-8EEE-4E8F-9949-74690F4A5242}.Debug|x64.ActiveCfg = Debug|Any CPU
		{CDC8BC9F-8EEE-4E8F-9949-74690F4A5242}.Debug|x64.Build.0 = Debug|Any CPU
		{CDC8BC9F-8EEE-4E8F-9949-74690F4A5242}.Debug|x86.ActiveCfg = Debug|Any CPU
		{CDC8BC9F-8EEE-4E8F-9949-74690F4A5242}.Debug|x86.Build.0 = Debug|Any CPU
		{CDC8BC9F-8EEE-4E8F-9949-74690F4A5242}.Release|Any CPU.ActiveCfg = Release|Any CPU
		{CDC8BC9F-8EEE-4E8F-9949-74690F4A5242}.Release|Any CPU.Build.0 = Release|Any CPU
		{CDC8BC9F-8EEE-4E8F-9949-74690F4A5242}.Release|x64.ActiveCfg = Release|Any CPU
		{CDC8BC9F-8EEE-4E8F-9949-74690F4A5242}.Release|x64.Build.0 = Release|Any CPU
		{CDC8BC9F-8EEE-4E8F-9949-74690F4A5242}.Release|x86.ActiveCfg = Release|Any CPU
		{CDC8BC9F-8EEE-4E8F-9949-74690F4A5242}.Release|x86.Build.0 = Release|Any CPU
		{76D385CC-DB57-4F87-9C6C-C86274C0B50A}.Debug|Any CPU.ActiveCfg = Debug|Any CPU
		{76D385CC-DB57-4F87-9C6C-C86274C0B50A}.Debug|Any CPU.Build.0 = Debug|Any CPU
		{76D385CC-DB57-4F87-9C6C-C86274C0B50A}.Debug|x64.ActiveCfg = Debug|Any CPU
		{76D385CC-DB57-4F87-9C6C-C86274C0B50A}.Debug|x64.Build.0 = Debug|Any CPU
		{76D385CC-DB57-4F87-9C6C-C86274C0B50A}.Debug|x86.ActiveCfg = Debug|Any CPU
		{76D385CC-DB57-4F87-9C6C-C86274C0B50A}.Debug|x86.Build.0 = Debug|Any CPU
		{76D385CC-DB57-4F87-9C6C-C86274C0B50A}.Release|Any CPU.ActiveCfg = Release|Any CPU
		{76D385CC-DB57-4F87-9C6C-C86274C0B50A}.Release|Any CPU.Build.0 = Release|Any CPU
		{76D385CC-DB57-4F87-9C6C-C86274C0B50A}.Release|x64.ActiveCfg = Release|Any CPU
		{76D385CC-DB57-4F87-9C6C-C86274C0B50A}.Release|x64.Build.0 = Release|Any CPU
		{76D385CC-DB57-4F87-9C6C-C86274C0B50A}.Release|x86.ActiveCfg = Release|Any CPU
		{76D385CC-DB57-4F87-9C6C-C86274C0B50A}.Release|x86.Build.0 = Release|Any CPU
		{8DA1531D-6EFD-47C6-B94F-0565BDBD1367}.Debug|Any CPU.ActiveCfg = Debug|Any CPU
		{8DA1531D-6EFD-47C6-B94F-0565BDBD1367}.Debug|Any CPU.Build.0 = Debug|Any CPU
		{8DA1531D-6EFD-47C6-B94F-0565BDBD1367}.Debug|x64.ActiveCfg = Debug|Any CPU
		{8DA1531D-6EFD-47C6-B94F-0565BDBD1367}.Debug|x64.Build.0 = Debug|Any CPU
		{8DA1531D-6EFD-47C6-B94F-0565BDBD1367}.Debug|x86.ActiveCfg = Debug|Any CPU
		{8DA1531D-6EFD-47C6-B94F-0565BDBD1367}.Debug|x86.Build.0 = Debug|Any CPU
		{8DA1531D-6EFD-47C6-B94F-0565BDBD1367}.Release|Any CPU.ActiveCfg = Release|Any CPU
		{8DA1531D-6EFD-47C6-B94F-0565BDBD1367}.Release|Any CPU.Build.0 = Release|Any CPU
		{8DA1531D-6EFD-47C6-B94F-0565BDBD1367}.Release|x64.ActiveCfg = Release|Any CPU
		{8DA1531D-6EFD-47C6-B94F-0565BDBD1367}.Release|x64.Build.0 = Release|Any CPU
		{8DA1531D-6EFD-47C6-B94F-0565BDBD1367}.Release|x86.ActiveCfg = Release|Any CPU
		{8DA1531D-6EFD-47C6-B94F-0565BDBD1367}.Release|x86.Build.0 = Release|Any CPU
		{2A23C1E0-C527-4061-86E4-79D6BBE505E2}.Debug|Any CPU.ActiveCfg = Debug|Any CPU
		{2A23C1E0-C527-4061-86E4-79D6BBE505E2}.Debug|Any CPU.Build.0 = Debug|Any CPU
		{2A23C1E0-C527-4061-86E4-79D6BBE505E2}.Debug|x64.ActiveCfg = Debug|Any CPU
		{2A23C1E0-C527-4061-86E4-79D6BBE505E2}.Debug|x64.Build.0 = Debug|Any CPU
		{2A23C1E0-C527-4061-86E4-79D6BBE505E2}.Debug|x86.ActiveCfg = Debug|Any CPU
		{2A23C1E0-C527-4061-86E4-79D6BBE505E2}.Debug|x86.Build.0 = Debug|Any CPU
		{2A23C1E0-C527-4061-86E4-79D6BBE505E2}.Release|Any CPU.ActiveCfg = Release|Any CPU
		{2A23C1E0-C527-4061-86E4-79D6BBE505E2}.Release|Any CPU.Build.0 = Release|Any CPU
		{2A23C1E0-C527-4061-86E4-79D6BBE505E2}.Release|x64.ActiveCfg = Release|Any CPU
		{2A23C1E0-C527-4061-86E4-79D6BBE505E2}.Release|x64.Build.0 = Release|Any CPU
		{2A23C1E0-C527-4061-86E4-79D6BBE505E2}.Release|x86.ActiveCfg = Release|Any CPU
		{2A23C1E0-C527-4061-86E4-79D6BBE505E2}.Release|x86.Build.0 = Release|Any CPU
		{1A980380-E32C-4BE1-9917-3DD815CF4340}.Debug|Any CPU.ActiveCfg = Debug|Any CPU
		{1A980380-E32C-4BE1-9917-3DD815CF4340}.Debug|Any CPU.Build.0 = Debug|Any CPU
		{1A980380-E32C-4BE1-9917-3DD815CF4340}.Debug|x64.ActiveCfg = Debug|Any CPU
		{1A980380-E32C-4BE1-9917-3DD815CF4340}.Debug|x64.Build.0 = Debug|Any CPU
		{1A980380-E32C-4BE1-9917-3DD815CF4340}.Debug|x86.ActiveCfg = Debug|Any CPU
		{1A980380-E32C-4BE1-9917-3DD815CF4340}.Debug|x86.Build.0 = Debug|Any CPU
		{1A980380-E32C-4BE1-9917-3DD815CF4340}.Release|Any CPU.ActiveCfg = Release|Any CPU
		{1A980380-E32C-4BE1-9917-3DD815CF4340}.Release|Any CPU.Build.0 = Release|Any CPU
		{1A980380-E32C-4BE1-9917-3DD815CF4340}.Release|x64.ActiveCfg = Release|Any CPU
		{1A980380-E32C-4BE1-9917-3DD815CF4340}.Release|x64.Build.0 = Release|Any CPU
		{1A980380-E32C-4BE1-9917-3DD815CF4340}.Release|x86.ActiveCfg = Release|Any CPU
		{1A980380-E32C-4BE1-9917-3DD815CF4340}.Release|x86.Build.0 = Release|Any CPU
		{9C4F5A2A-25CE-4494-BFA1-56DF0AE41805}.Debug|Any CPU.ActiveCfg = Debug|Any CPU
		{9C4F5A2A-25CE-4494-BFA1-56DF0AE41805}.Debug|Any CPU.Build.0 = Debug|Any CPU
		{9C4F5A2A-25CE-4494-BFA1-56DF0AE41805}.Debug|x64.ActiveCfg = Debug|Any CPU
		{9C4F5A2A-25CE-4494-BFA1-56DF0AE41805}.Debug|x64.Build.0 = Debug|Any CPU
		{9C4F5A2A-25CE-4494-BFA1-56DF0AE41805}.Debug|x86.ActiveCfg = Debug|Any CPU
		{9C4F5A2A-25CE-4494-BFA1-56DF0AE41805}.Debug|x86.Build.0 = Debug|Any CPU
		{9C4F5A2A-25CE-4494-BFA1-56DF0AE41805}.Release|Any CPU.ActiveCfg = Release|Any CPU
		{9C4F5A2A-25CE-4494-BFA1-56DF0AE41805}.Release|Any CPU.Build.0 = Release|Any CPU
		{9C4F5A2A-25CE-4494-BFA1-56DF0AE41805}.Release|x64.ActiveCfg = Release|Any CPU
		{9C4F5A2A-25CE-4494-BFA1-56DF0AE41805}.Release|x64.Build.0 = Release|Any CPU
		{9C4F5A2A-25CE-4494-BFA1-56DF0AE41805}.Release|x86.ActiveCfg = Release|Any CPU
		{9C4F5A2A-25CE-4494-BFA1-56DF0AE41805}.Release|x86.Build.0 = Release|Any CPU
		{8573543C-7F17-4C06-A758-E2C777980FB1}.Debug|Any CPU.ActiveCfg = Debug|Any CPU
		{8573543C-7F17-4C06-A758-E2C777980FB1}.Debug|Any CPU.Build.0 = Debug|Any CPU
		{8573543C-7F17-4C06-A758-E2C777980FB1}.Debug|x64.ActiveCfg = Debug|Any CPU
		{8573543C-7F17-4C06-A758-E2C777980FB1}.Debug|x64.Build.0 = Debug|Any CPU
		{8573543C-7F17-4C06-A758-E2C777980FB1}.Debug|x86.ActiveCfg = Debug|Any CPU
		{8573543C-7F17-4C06-A758-E2C777980FB1}.Debug|x86.Build.0 = Debug|Any CPU
		{8573543C-7F17-4C06-A758-E2C777980FB1}.Release|Any CPU.ActiveCfg = Release|Any CPU
		{8573543C-7F17-4C06-A758-E2C777980FB1}.Release|Any CPU.Build.0 = Release|Any CPU
		{8573543C-7F17-4C06-A758-E2C777980FB1}.Release|x64.ActiveCfg = Release|Any CPU
		{8573543C-7F17-4C06-A758-E2C777980FB1}.Release|x64.Build.0 = Release|Any CPU
		{8573543C-7F17-4C06-A758-E2C777980FB1}.Release|x86.ActiveCfg = Release|Any CPU
		{8573543C-7F17-4C06-A758-E2C777980FB1}.Release|x86.Build.0 = Release|Any CPU
		{E6A960B6-42EF-4390-88FC-25424B3912DA}.Debug|Any CPU.ActiveCfg = Debug|Any CPU
		{E6A960B6-42EF-4390-88FC-25424B3912DA}.Debug|Any CPU.Build.0 = Debug|Any CPU
		{E6A960B6-42EF-4390-88FC-25424B3912DA}.Debug|x64.ActiveCfg = Debug|Any CPU
		{E6A960B6-42EF-4390-88FC-25424B3912DA}.Debug|x64.Build.0 = Debug|Any CPU
		{E6A960B6-42EF-4390-88FC-25424B3912DA}.Debug|x86.ActiveCfg = Debug|Any CPU
		{E6A960B6-42EF-4390-88FC-25424B3912DA}.Debug|x86.Build.0 = Debug|Any CPU
		{E6A960B6-42EF-4390-88FC-25424B3912DA}.Release|Any CPU.ActiveCfg = Release|Any CPU
		{E6A960B6-42EF-4390-88FC-25424B3912DA}.Release|Any CPU.Build.0 = Release|Any CPU
		{E6A960B6-42EF-4390-88FC-25424B3912DA}.Release|x64.ActiveCfg = Release|Any CPU
		{E6A960B6-42EF-4390-88FC-25424B3912DA}.Release|x64.Build.0 = Release|Any CPU
		{E6A960B6-42EF-4390-88FC-25424B3912DA}.Release|x86.ActiveCfg = Release|Any CPU
		{E6A960B6-42EF-4390-88FC-25424B3912DA}.Release|x86.Build.0 = Release|Any CPU
		{B89F2012-748B-4F73-A19D-02EFFF3A02E6}.Debug|Any CPU.ActiveCfg = Debug|Any CPU
		{B89F2012-748B-4F73-A19D-02EFFF3A02E6}.Debug|Any CPU.Build.0 = Debug|Any CPU
		{B89F2012-748B-4F73-A19D-02EFFF3A02E6}.Debug|x64.ActiveCfg = Debug|Any CPU
		{B89F2012-748B-4F73-A19D-02EFFF3A02E6}.Debug|x64.Build.0 = Debug|Any CPU
		{B89F2012-748B-4F73-A19D-02EFFF3A02E6}.Debug|x86.ActiveCfg = Debug|Any CPU
		{B89F2012-748B-4F73-A19D-02EFFF3A02E6}.Debug|x86.Build.0 = Debug|Any CPU
		{B89F2012-748B-4F73-A19D-02EFFF3A02E6}.Release|Any CPU.ActiveCfg = Release|Any CPU
		{B89F2012-748B-4F73-A19D-02EFFF3A02E6}.Release|Any CPU.Build.0 = Release|Any CPU
		{B89F2012-748B-4F73-A19D-02EFFF3A02E6}.Release|x64.ActiveCfg = Release|Any CPU
		{B89F2012-748B-4F73-A19D-02EFFF3A02E6}.Release|x64.Build.0 = Release|Any CPU
		{B89F2012-748B-4F73-A19D-02EFFF3A02E6}.Release|x86.ActiveCfg = Release|Any CPU
		{B89F2012-748B-4F73-A19D-02EFFF3A02E6}.Release|x86.Build.0 = Release|Any CPU
		{9AACCA7D-86F1-40EF-884D-EFA3A4322265}.Debug|Any CPU.ActiveCfg = Debug|Any CPU
		{9AACCA7D-86F1-40EF-884D-EFA3A4322265}.Debug|Any CPU.Build.0 = Debug|Any CPU
		{9AACCA7D-86F1-40EF-884D-EFA3A4322265}.Debug|x64.ActiveCfg = Debug|Any CPU
		{9AACCA7D-86F1-40EF-884D-EFA3A4322265}.Debug|x64.Build.0 = Debug|Any CPU
		{9AACCA7D-86F1-40EF-884D-EFA3A4322265}.Debug|x86.ActiveCfg = Debug|Any CPU
		{9AACCA7D-86F1-40EF-884D-EFA3A4322265}.Debug|x86.Build.0 = Debug|Any CPU
		{9AACCA7D-86F1-40EF-884D-EFA3A4322265}.Release|Any CPU.ActiveCfg = Release|Any CPU
		{9AACCA7D-86F1-40EF-884D-EFA3A4322265}.Release|Any CPU.Build.0 = Release|Any CPU
		{9AACCA7D-86F1-40EF-884D-EFA3A4322265}.Release|x64.ActiveCfg = Release|Any CPU
		{9AACCA7D-86F1-40EF-884D-EFA3A4322265}.Release|x64.Build.0 = Release|Any CPU
		{9AACCA7D-86F1-40EF-884D-EFA3A4322265}.Release|x86.ActiveCfg = Release|Any CPU
		{9AACCA7D-86F1-40EF-884D-EFA3A4322265}.Release|x86.Build.0 = Release|Any CPU
		{850FB56F-6462-44D6-A979-D494171FCB6B}.Debug|Any CPU.ActiveCfg = Debug|Any CPU
		{850FB56F-6462-44D6-A979-D494171FCB6B}.Debug|Any CPU.Build.0 = Debug|Any CPU
		{850FB56F-6462-44D6-A979-D494171FCB6B}.Debug|x64.ActiveCfg = Debug|Any CPU
		{850FB56F-6462-44D6-A979-D494171FCB6B}.Debug|x64.Build.0 = Debug|Any CPU
		{850FB56F-6462-44D6-A979-D494171FCB6B}.Debug|x86.ActiveCfg = Debug|Any CPU
		{850FB56F-6462-44D6-A979-D494171FCB6B}.Debug|x86.Build.0 = Debug|Any CPU
		{850FB56F-6462-44D6-A979-D494171FCB6B}.Release|Any CPU.ActiveCfg = Release|Any CPU
		{850FB56F-6462-44D6-A979-D494171FCB6B}.Release|Any CPU.Build.0 = Release|Any CPU
		{850FB56F-6462-44D6-A979-D494171FCB6B}.Release|x64.ActiveCfg = Release|Any CPU
		{850FB56F-6462-44D6-A979-D494171FCB6B}.Release|x64.Build.0 = Release|Any CPU
		{850FB56F-6462-44D6-A979-D494171FCB6B}.Release|x86.ActiveCfg = Release|Any CPU
		{850FB56F-6462-44D6-A979-D494171FCB6B}.Release|x86.Build.0 = Release|Any CPU
		{7D6136DC-C258-4841-A043-BB1393D07328}.Debug|Any CPU.ActiveCfg = Debug|Any CPU
		{7D6136DC-C258-4841-A043-BB1393D07328}.Debug|Any CPU.Build.0 = Debug|Any CPU
		{7D6136DC-C258-4841-A043-BB1393D07328}.Debug|x64.ActiveCfg = Debug|Any CPU
		{7D6136DC-C258-4841-A043-BB1393D07328}.Debug|x64.Build.0 = Debug|Any CPU
		{7D6136DC-C258-4841-A043-BB1393D07328}.Debug|x86.ActiveCfg = Debug|Any CPU
		{7D6136DC-C258-4841-A043-BB1393D07328}.Debug|x86.Build.0 = Debug|Any CPU
		{7D6136DC-C258-4841-A043-BB1393D07328}.Release|Any CPU.ActiveCfg = Release|Any CPU
		{7D6136DC-C258-4841-A043-BB1393D07328}.Release|Any CPU.Build.0 = Release|Any CPU
		{7D6136DC-C258-4841-A043-BB1393D07328}.Release|x64.ActiveCfg = Release|Any CPU
		{7D6136DC-C258-4841-A043-BB1393D07328}.Release|x64.Build.0 = Release|Any CPU
		{7D6136DC-C258-4841-A043-BB1393D07328}.Release|x86.ActiveCfg = Release|Any CPU
		{7D6136DC-C258-4841-A043-BB1393D07328}.Release|x86.Build.0 = Release|Any CPU
		{402EE44D-4B67-4165-8270-FE77B55651A6}.Debug|Any CPU.ActiveCfg = Debug|Any CPU
		{402EE44D-4B67-4165-8270-FE77B55651A6}.Debug|Any CPU.Build.0 = Debug|Any CPU
		{402EE44D-4B67-4165-8270-FE77B55651A6}.Debug|x64.ActiveCfg = Debug|Any CPU
		{402EE44D-4B67-4165-8270-FE77B55651A6}.Debug|x64.Build.0 = Debug|Any CPU
		{402EE44D-4B67-4165-8270-FE77B55651A6}.Debug|x86.ActiveCfg = Debug|Any CPU
		{402EE44D-4B67-4165-8270-FE77B55651A6}.Debug|x86.Build.0 = Debug|Any CPU
		{402EE44D-4B67-4165-8270-FE77B55651A6}.Release|Any CPU.ActiveCfg = Release|Any CPU
		{402EE44D-4B67-4165-8270-FE77B55651A6}.Release|Any CPU.Build.0 = Release|Any CPU
		{402EE44D-4B67-4165-8270-FE77B55651A6}.Release|x64.ActiveCfg = Release|Any CPU
		{402EE44D-4B67-4165-8270-FE77B55651A6}.Release|x64.Build.0 = Release|Any CPU
		{402EE44D-4B67-4165-8270-FE77B55651A6}.Release|x86.ActiveCfg = Release|Any CPU
		{402EE44D-4B67-4165-8270-FE77B55651A6}.Release|x86.Build.0 = Release|Any CPU
		{B92DB07E-F347-4253-959C-1900BDCD8833}.Debug|Any CPU.ActiveCfg = Debug|Any CPU
		{B92DB07E-F347-4253-959C-1900BDCD8833}.Debug|Any CPU.Build.0 = Debug|Any CPU
		{B92DB07E-F347-4253-959C-1900BDCD8833}.Debug|x64.ActiveCfg = Debug|Any CPU
		{B92DB07E-F347-4253-959C-1900BDCD8833}.Debug|x64.Build.0 = Debug|Any CPU
		{B92DB07E-F347-4253-959C-1900BDCD8833}.Debug|x86.ActiveCfg = Debug|Any CPU
		{B92DB07E-F347-4253-959C-1900BDCD8833}.Debug|x86.Build.0 = Debug|Any CPU
		{B92DB07E-F347-4253-959C-1900BDCD8833}.Release|Any CPU.ActiveCfg = Release|Any CPU
		{B92DB07E-F347-4253-959C-1900BDCD8833}.Release|Any CPU.Build.0 = Release|Any CPU
		{B92DB07E-F347-4253-959C-1900BDCD8833}.Release|x64.ActiveCfg = Release|Any CPU
		{B92DB07E-F347-4253-959C-1900BDCD8833}.Release|x64.Build.0 = Release|Any CPU
		{B92DB07E-F347-4253-959C-1900BDCD8833}.Release|x86.ActiveCfg = Release|Any CPU
		{B92DB07E-F347-4253-959C-1900BDCD8833}.Release|x86.Build.0 = Release|Any CPU
		{992B526F-0827-47D5-B7BC-8E9197D0870C}.Debug|Any CPU.ActiveCfg = Debug|Any CPU
		{992B526F-0827-47D5-B7BC-8E9197D0870C}.Debug|Any CPU.Build.0 = Debug|Any CPU
		{992B526F-0827-47D5-B7BC-8E9197D0870C}.Debug|x64.ActiveCfg = Debug|Any CPU
		{992B526F-0827-47D5-B7BC-8E9197D0870C}.Debug|x64.Build.0 = Debug|Any CPU
		{992B526F-0827-47D5-B7BC-8E9197D0870C}.Debug|x86.ActiveCfg = Debug|Any CPU
		{992B526F-0827-47D5-B7BC-8E9197D0870C}.Debug|x86.Build.0 = Debug|Any CPU
		{992B526F-0827-47D5-B7BC-8E9197D0870C}.Release|Any CPU.ActiveCfg = Release|Any CPU
		{992B526F-0827-47D5-B7BC-8E9197D0870C}.Release|Any CPU.Build.0 = Release|Any CPU
		{992B526F-0827-47D5-B7BC-8E9197D0870C}.Release|x64.ActiveCfg = Release|Any CPU
		{992B526F-0827-47D5-B7BC-8E9197D0870C}.Release|x64.Build.0 = Release|Any CPU
		{992B526F-0827-47D5-B7BC-8E9197D0870C}.Release|x86.ActiveCfg = Release|Any CPU
		{992B526F-0827-47D5-B7BC-8E9197D0870C}.Release|x86.Build.0 = Release|Any CPU
		{9828F08B-DADC-4AEB-9572-9FB40F207AAB}.Debug|Any CPU.ActiveCfg = Debug|Any CPU
		{9828F08B-DADC-4AEB-9572-9FB40F207AAB}.Debug|Any CPU.Build.0 = Debug|Any CPU
		{9828F08B-DADC-4AEB-9572-9FB40F207AAB}.Debug|x64.ActiveCfg = Debug|Any CPU
		{9828F08B-DADC-4AEB-9572-9FB40F207AAB}.Debug|x64.Build.0 = Debug|Any CPU
		{9828F08B-DADC-4AEB-9572-9FB40F207AAB}.Debug|x86.ActiveCfg = Debug|Any CPU
		{9828F08B-DADC-4AEB-9572-9FB40F207AAB}.Debug|x86.Build.0 = Debug|Any CPU
		{9828F08B-DADC-4AEB-9572-9FB40F207AAB}.Release|Any CPU.ActiveCfg = Release|Any CPU
		{9828F08B-DADC-4AEB-9572-9FB40F207AAB}.Release|Any CPU.Build.0 = Release|Any CPU
		{9828F08B-DADC-4AEB-9572-9FB40F207AAB}.Release|x64.ActiveCfg = Release|Any CPU
		{9828F08B-DADC-4AEB-9572-9FB40F207AAB}.Release|x64.Build.0 = Release|Any CPU
		{9828F08B-DADC-4AEB-9572-9FB40F207AAB}.Release|x86.ActiveCfg = Release|Any CPU
		{9828F08B-DADC-4AEB-9572-9FB40F207AAB}.Release|x86.Build.0 = Release|Any CPU
		{76CEF422-1712-4A38-AF3B-FDD1E61BA8EC}.Debug|Any CPU.ActiveCfg = Debug|Any CPU
		{76CEF422-1712-4A38-AF3B-FDD1E61BA8EC}.Debug|Any CPU.Build.0 = Debug|Any CPU
		{76CEF422-1712-4A38-AF3B-FDD1E61BA8EC}.Debug|x64.ActiveCfg = Debug|Any CPU
		{76CEF422-1712-4A38-AF3B-FDD1E61BA8EC}.Debug|x64.Build.0 = Debug|Any CPU
		{76CEF422-1712-4A38-AF3B-FDD1E61BA8EC}.Debug|x86.ActiveCfg = Debug|Any CPU
		{76CEF422-1712-4A38-AF3B-FDD1E61BA8EC}.Debug|x86.Build.0 = Debug|Any CPU
		{76CEF422-1712-4A38-AF3B-FDD1E61BA8EC}.Release|Any CPU.ActiveCfg = Release|Any CPU
		{76CEF422-1712-4A38-AF3B-FDD1E61BA8EC}.Release|Any CPU.Build.0 = Release|Any CPU
		{76CEF422-1712-4A38-AF3B-FDD1E61BA8EC}.Release|x64.ActiveCfg = Release|Any CPU
		{76CEF422-1712-4A38-AF3B-FDD1E61BA8EC}.Release|x64.Build.0 = Release|Any CPU
		{76CEF422-1712-4A38-AF3B-FDD1E61BA8EC}.Release|x86.ActiveCfg = Release|Any CPU
		{76CEF422-1712-4A38-AF3B-FDD1E61BA8EC}.Release|x86.Build.0 = Release|Any CPU
		{98AA268B-2ABA-4509-985E-52F9C48DF219}.Debug|Any CPU.ActiveCfg = Debug|Any CPU
		{98AA268B-2ABA-4509-985E-52F9C48DF219}.Debug|Any CPU.Build.0 = Debug|Any CPU
		{98AA268B-2ABA-4509-985E-52F9C48DF219}.Debug|x64.ActiveCfg = Debug|Any CPU
		{98AA268B-2ABA-4509-985E-52F9C48DF219}.Debug|x64.Build.0 = Debug|Any CPU
		{98AA268B-2ABA-4509-985E-52F9C48DF219}.Debug|x86.ActiveCfg = Debug|Any CPU
		{98AA268B-2ABA-4509-985E-52F9C48DF219}.Debug|x86.Build.0 = Debug|Any CPU
		{98AA268B-2ABA-4509-985E-52F9C48DF219}.Release|Any CPU.ActiveCfg = Release|Any CPU
		{98AA268B-2ABA-4509-985E-52F9C48DF219}.Release|Any CPU.Build.0 = Release|Any CPU
		{98AA268B-2ABA-4509-985E-52F9C48DF219}.Release|x64.ActiveCfg = Release|Any CPU
		{98AA268B-2ABA-4509-985E-52F9C48DF219}.Release|x64.Build.0 = Release|Any CPU
		{98AA268B-2ABA-4509-985E-52F9C48DF219}.Release|x86.ActiveCfg = Release|Any CPU
		{98AA268B-2ABA-4509-985E-52F9C48DF219}.Release|x86.Build.0 = Release|Any CPU
		{95C6D706-9586-45B5-9521-CBF57B0241D8}.Debug|Any CPU.ActiveCfg = Debug|Any CPU
		{95C6D706-9586-45B5-9521-CBF57B0241D8}.Debug|Any CPU.Build.0 = Debug|Any CPU
		{95C6D706-9586-45B5-9521-CBF57B0241D8}.Debug|x64.ActiveCfg = Debug|Any CPU
		{95C6D706-9586-45B5-9521-CBF57B0241D8}.Debug|x64.Build.0 = Debug|Any CPU
		{95C6D706-9586-45B5-9521-CBF57B0241D8}.Debug|x86.ActiveCfg = Debug|Any CPU
		{95C6D706-9586-45B5-9521-CBF57B0241D8}.Debug|x86.Build.0 = Debug|Any CPU
		{95C6D706-9586-45B5-9521-CBF57B0241D8}.Release|Any CPU.ActiveCfg = Release|Any CPU
		{95C6D706-9586-45B5-9521-CBF57B0241D8}.Release|Any CPU.Build.0 = Release|Any CPU
		{95C6D706-9586-45B5-9521-CBF57B0241D8}.Release|x64.ActiveCfg = Release|Any CPU
		{95C6D706-9586-45B5-9521-CBF57B0241D8}.Release|x64.Build.0 = Release|Any CPU
		{95C6D706-9586-45B5-9521-CBF57B0241D8}.Release|x86.ActiveCfg = Release|Any CPU
		{95C6D706-9586-45B5-9521-CBF57B0241D8}.Release|x86.Build.0 = Release|Any CPU
		{95DF96F9-E74B-4CE3-A18F-43AFD94C65B8}.Debug|Any CPU.ActiveCfg = Debug|Any CPU
		{95DF96F9-E74B-4CE3-A18F-43AFD94C65B8}.Debug|Any CPU.Build.0 = Debug|Any CPU
		{95DF96F9-E74B-4CE3-A18F-43AFD94C65B8}.Debug|x64.ActiveCfg = Debug|Any CPU
		{95DF96F9-E74B-4CE3-A18F-43AFD94C65B8}.Debug|x64.Build.0 = Debug|Any CPU
		{95DF96F9-E74B-4CE3-A18F-43AFD94C65B8}.Debug|x86.ActiveCfg = Debug|Any CPU
		{95DF96F9-E74B-4CE3-A18F-43AFD94C65B8}.Debug|x86.Build.0 = Debug|Any CPU
		{95DF96F9-E74B-4CE3-A18F-43AFD94C65B8}.Release|Any CPU.ActiveCfg = Release|Any CPU
		{95DF96F9-E74B-4CE3-A18F-43AFD94C65B8}.Release|Any CPU.Build.0 = Release|Any CPU
		{95DF96F9-E74B-4CE3-A18F-43AFD94C65B8}.Release|x64.ActiveCfg = Release|Any CPU
		{95DF96F9-E74B-4CE3-A18F-43AFD94C65B8}.Release|x64.Build.0 = Release|Any CPU
		{95DF96F9-E74B-4CE3-A18F-43AFD94C65B8}.Release|x86.ActiveCfg = Release|Any CPU
		{95DF96F9-E74B-4CE3-A18F-43AFD94C65B8}.Release|x86.Build.0 = Release|Any CPU
	EndGlobalSection
	GlobalSection(SolutionProperties) = preSolution
		HideSolutionNode = FALSE
	EndGlobalSection
	GlobalSection(NestedProjects) = preSolution
		{61E3F14C-C9BC-4AD3-9B23-047D4FF69DAC} = {E6E12A37-2AD0-42D6-874C-D7969E993757}
		{CDC8BC9F-8EEE-4E8F-9949-74690F4A5242} = {E6E12A37-2AD0-42D6-874C-D7969E993757}
		{76D385CC-DB57-4F87-9C6C-C86274C0B50A} = {E6E12A37-2AD0-42D6-874C-D7969E993757}
		{8DA1531D-6EFD-47C6-B94F-0565BDBD1367} = {E6E12A37-2AD0-42D6-874C-D7969E993757}
		{2A23C1E0-C527-4061-86E4-79D6BBE505E2} = {7C3834AC-9247-4221-B237-BDB0512E56E5}
		{1A980380-E32C-4BE1-9917-3DD815CF4340} = {7C3834AC-9247-4221-B237-BDB0512E56E5}
		{9C4F5A2A-25CE-4494-BFA1-56DF0AE41805} = {7C3834AC-9247-4221-B237-BDB0512E56E5}
		{8573543C-7F17-4C06-A758-E2C777980FB1} = {7C3834AC-9247-4221-B237-BDB0512E56E5}
		{E6A960B6-42EF-4390-88FC-25424B3912DA} = {D74BCAFA-CE86-4850-9889-02A6CF6C8ECE}
		{B89F2012-748B-4F73-A19D-02EFFF3A02E6} = {D74BCAFA-CE86-4850-9889-02A6CF6C8ECE}
		{9AACCA7D-86F1-40EF-884D-EFA3A4322265} = {E5C4F51D-D0D8-4C62-9963-9B187549C38E}
		{850FB56F-6462-44D6-A979-D494171FCB6B} = {E5C4F51D-D0D8-4C62-9963-9B187549C38E}
		{7D6136DC-C258-4841-A043-BB1393D07328} = {E5C4F51D-D0D8-4C62-9963-9B187549C38E}
		{402EE44D-4B67-4165-8270-FE77B55651A6} = {E5C4F51D-D0D8-4C62-9963-9B187549C38E}
		{B92DB07E-F347-4253-959C-1900BDCD8833} = {58CC8628-D16A-4203-BE26-78D5DC045F86}
		{992B526F-0827-47D5-B7BC-8E9197D0870C} = {58CC8628-D16A-4203-BE26-78D5DC045F86}
		{9828F08B-DADC-4AEB-9572-9FB40F207AAB} = {CCBF83D7-04D4-4B19-976B-8635170C7FE3}
		{76CEF422-1712-4A38-AF3B-FDD1E61BA8EC} = {CCBF83D7-04D4-4B19-976B-8635170C7FE3}
		{98AA268B-2ABA-4509-985E-52F9C48DF219} = {CCBF83D7-04D4-4B19-976B-8635170C7FE3}
		{95C6D706-9586-45B5-9521-CBF57B0241D8} = {CCBF83D7-04D4-4B19-976B-8635170C7FE3}
	EndGlobalSection
	GlobalSection(ExtensibilityGlobals) = postSolution
		SolutionGuid = {4449518A-91F7-4C25-AE26-8CBAEA014A79}
	EndGlobalSection
EndGlobal
