
Microsoft Visual Studio Solution File, Format Version 12.00
# Visual Studio Version 17
VisualStudioVersion = 17.0.31903.59
MinimumVisualStudioVersion = 10.0.40219.1
Project("{2150E333-8FDC-42A3-9474-1A3956D46DE8}") = "Doctor", "Doctor", "{E6E12A37-2AD0-42D6-874C-D7969E993757}"
EndProject
Project("{9A19103F-16F7-4668-BE54-9A1E7A4F7556}") = "CloudConsult.Doctor.Api", "doctor-service\CloudConsult.Doctor.Api\CloudConsult.Doctor.Api.csproj", "{61E3F14C-C9BC-4AD3-9B23-047D4FF69DAC}"
EndProject
Project("{9A19103F-16F7-4668-BE54-9A1E7A4F7556}") = "CloudConsult.Doctor.Domain", "doctor-service\CloudConsult.Doctor.Domain\CloudConsult.Doctor.Domain.csproj", "{CDC8BC9F-8EEE-4E8F-9949-74690F4A5242}"
EndProject
Project("{9A19103F-16F7-4668-BE54-9A1E7A4F7556}") = "CloudConsult.Doctor.Infrastructure", "doctor-service\CloudConsult.Doctor.Infrastructure\CloudConsult.Doctor.Infrastructure.csproj", "{76D385CC-DB57-4F87-9C6C-C86274C0B50A}"
EndProject
Project("{9A19103F-16F7-4668-BE54-9A1E7A4F7556}") = "CloudConsult.Doctor.Services.MongoDb", "doctor-service\CloudConsult.Doctor.Services.MongoDb\CloudConsult.Doctor.Services.MongoDb.csproj", "{8DA1531D-6EFD-47C6-B94F-0565BDBD1367}"
EndProject
Project("{2150E333-8FDC-42A3-9474-1A3956D46DE8}") = "Consultation", "Consultation", "{7C3834AC-9247-4221-B237-BDB0512E56E5}"
EndProject
Project("{2150E333-8FDC-42A3-9474-1A3956D46DE8}") = "Notification", "Notification", "{D74BCAFA-CE86-4850-9889-02A6CF6C8ECE}"
EndProject
Project("{2150E333-8FDC-42A3-9474-1A3956D46DE8}") = "Shared", "Shared", "{58CC8628-D16A-4203-BE26-78D5DC045F86}"
EndProject
Project("{9A19103F-16F7-4668-BE54-9A1E7A4F7556}") = "CloudConsult.Consultation.Api", "consultation-service\CloudConsult.Consultation.Api\CloudConsult.Consultation.Api.csproj", "{2A23C1E0-C527-4061-86E4-79D6BBE505E2}"
EndProject
Project("{9A19103F-16F7-4668-BE54-9A1E7A4F7556}") = "CloudConsult.Consultation.Domain", "consultation-service\CloudConsult.Consultation.Domain\CloudConsult.Consultation.Domain.csproj", "{1A980380-E32C-4BE1-9917-3DD815CF4340}"
EndProject
Project("{9A19103F-16F7-4668-BE54-9A1E7A4F7556}") = "CloudConsult.Consultation.Infrastructure", "consultation-service\CloudConsult.Consultation.Infrastructure\CloudConsult.Consultation.Infrastructure.csproj", "{9C4F5A2A-25CE-4494-BFA1-56DF0AE41805}"
EndProject
Project("{9A19103F-16F7-4668-BE54-9A1E7A4F7556}") = "CloudConsult.Consultation.Services.SqlServer", "consultation-service\CloudConsult.Consultation.Services.SqlServer\CloudConsult.Consultation.Services.SqlServer.csproj", "{8573543C-7F17-4C06-A758-E2C777980FB1}"
EndProject
Project("{9A19103F-16F7-4668-BE54-9A1E7A4F7556}") = "CloudConsult.Common", "..\Shared\CloudConsult.Common\CloudConsult.Common.csproj", "{B92DB07E-F347-4253-959C-1900BDCD8833}"
EndProject
Project("{9A19103F-16F7-4668-BE54-9A1E7A4F7556}") = "CloudConsult.Common.DependencyInjection", "..\Shared\CloudConsult.Common.DependencyInjection\CloudConsult.Common.DependencyInjection.csproj", "{992B526F-0827-47D5-B7BC-8E9197D0870C}"
EndProject
Project("{2150E333-8FDC-42A3-9474-1A3956D46DE8}") = "Identity", "Identity", "{CCBF83D7-04D4-4B19-976B-8635170C7FE3}"
EndProject
Project("{9A19103F-16F7-4668-BE54-9A1E7A4F7556}") = "CloudConsult.Identity.Domain", "identity-service\CloudConsult.Identity.Domain\CloudConsult.Identity.Domain.csproj", "{9828F08B-DADC-4AEB-9572-9FB40F207AAB}"
EndProject
Project("{9A19103F-16F7-4668-BE54-9A1E7A4F7556}") = "CloudConsult.Identity.Api", "identity-service\CloudConsult.Identity.Api\CloudConsult.Identity.Api.csproj", "{76CEF422-1712-4A38-AF3B-FDD1E61BA8EC}"
EndProject
Project("{9A19103F-16F7-4668-BE54-9A1E7A4F7556}") = "CloudConsult.Identity.Infrastructure", "identity-service\CloudConsult.Identity.Infrastructure\CloudConsult.Identity.Infrastructure.csproj", "{98AA268B-2ABA-4509-985E-52F9C48DF219}"
EndProject
Project("{9A19103F-16F7-4668-BE54-9A1E7A4F7556}") = "CloudConsult.Identity.Services.SqlServer", "identity-service\CloudConsult.Identity.Services.SqlServer\CloudConsult.Identity.Services.SqlServer.csproj", "{95C6D706-9586-45B5-9521-CBF57B0241D8}"
EndProject
Project("{2150E333-8FDC-42A3-9474-1A3956D46DE8}") = "Member", "Member", "{C8D7458E-EC60-4950-9877-856059939F2D}"
EndProject
Project("{9A19103F-16F7-4668-BE54-9A1E7A4F7556}") = "CloudConsult.Member.Api", "member-service\CloudConsult.Member.Api\CloudConsult.Member.Api.csproj", "{3D8B3460-7A92-48D4-8E7C-D2B1D1A024F5}"
EndProject
Project("{9A19103F-16F7-4668-BE54-9A1E7A4F7556}") = "CloudConsult.Member.Domain", "member-service\CloudConsult.Member.Domain\CloudConsult.Member.Domain.csproj", "{2ECD4B3E-BBEB-44DE-862D-CF4B23E216DC}"
EndProject
Project("{9A19103F-16F7-4668-BE54-9A1E7A4F7556}") = "CloudConsult.Member.Infrastructure", "member-service\CloudConsult.Member.Infrastructure\CloudConsult.Member.Infrastructure.csproj", "{D839F128-6055-46D1-AB2B-D934A811F3A4}"
EndProject
Project("{9A19103F-16F7-4668-BE54-9A1E7A4F7556}") = "CloudConsult.Member.Services.MongoDb", "member-service\CloudConsult.Member.Services.MongoDb\CloudConsult.Member.Services.MongoDb.csproj", "{0FEEC6B8-194F-4C7B-85F1-D96D55BD907B}"
EndProject
Project("{2150E333-8FDC-42A3-9474-1A3956D46DE8}") = "Subscription", "Subscription", "{688B35F6-3E45-4132-A300-E87487415A3C}"
EndProject
Project("{2150E333-8FDC-42A3-9474-1A3956D46DE8}") = "Helpdesk", "Helpdesk", "{80E83CC1-A7A1-453B-9E7F-C78CE5C64C44}"
EndProject
Project("{2150E333-8FDC-42A3-9474-1A3956D46DE8}") = "Payment", "Payment", "{6852369D-D2B2-4C25-887A-1C8A7FE26DD8}"
EndProject
Project("{E53339B2-1760-4266-BCC7-CA923CBCF16C}") = "docker-compose", "docker-compose.dcproj", "{598247E6-5552-429F-9B63-94481B118676}"
EndProject
Project("{2150E333-8FDC-42A3-9474-1A3956D46DE8}") = "Diagnosis", "Diagnosis", "{669BBB83-139E-40C3-8CB4-3A9F2603CA6E}"
EndProject
Project("{9A19103F-16F7-4668-BE54-9A1E7A4F7556}") = "CloudConsult.Diagnosis.Api", "diagnosis-service\CloudConsult.Diagnosis.Api\CloudConsult.Diagnosis.Api.csproj", "{4726AFBA-1762-4FC4-B06B-2A0A83BDE642}"
EndProject
Project("{9A19103F-16F7-4668-BE54-9A1E7A4F7556}") = "CloudConsult.Diagnosis.Domain", "diagnosis-service\CloudConsult.Diagnosis.Domain\CloudConsult.Diagnosis.Domain.csproj", "{68995E90-2C0A-4ABC-9D1C-47BF89C05C48}"
EndProject
Project("{9A19103F-16F7-4668-BE54-9A1E7A4F7556}") = "CloudConsult.Diagnosis.Infrastructure", "diagnosis-service\CloudConsult.Diagnosis.Infrastructure\CloudConsult.Diagnosis.Infrastructure.csproj", "{0F76D419-7FD4-487C-BE76-86887A608215}"
EndProject
Project("{9A19103F-16F7-4668-BE54-9A1E7A4F7556}") = "CloudConsult.Diagnosis.Services.MongoDb", "diagnosis-service\CloudConsult.Diagnosis.Services.MongoDb\CloudConsult.Diagnosis.Services.MongoDb.csproj", "{BC2EDA7C-5B4A-4165-ABF9-EB5290DABA72}"
EndProject
Global
	GlobalSection(SolutionConfigurationPlatforms) = preSolution
		Debug|Any CPU = Debug|Any CPU
		Debug|x64 = Debug|x64
		Debug|x86 = Debug|x86
		NoVariablesDefault|Any CPU = NoVariablesDefault|Any CPU
		NoVariablesDefault|x64 = NoVariablesDefault|x64
		NoVariablesDefault|x86 = NoVariablesDefault|x86
		Release|Any CPU = Release|Any CPU
		Release|x64 = Release|x64
		Release|x86 = Release|x86
	EndGlobalSection
	GlobalSection(ProjectConfigurationPlatforms) = postSolution
		{61E3F14C-C9BC-4AD3-9B23-047D4FF69DAC}.Debug|Any CPU.ActiveCfg = Debug|Any CPU
		{61E3F14C-C9BC-4AD3-9B23-047D4FF69DAC}.Debug|Any CPU.Build.0 = Debug|Any CPU
		{61E3F14C-C9BC-4AD3-9B23-047D4FF69DAC}.Debug|x64.ActiveCfg = Debug|Any CPU
		{61E3F14C-C9BC-4AD3-9B23-047D4FF69DAC}.Debug|x64.Build.0 = Debug|Any CPU
		{61E3F14C-C9BC-4AD3-9B23-047D4FF69DAC}.Debug|x86.ActiveCfg = Debug|Any CPU
		{61E3F14C-C9BC-4AD3-9B23-047D4FF69DAC}.Debug|x86.Build.0 = Debug|Any CPU
		{61E3F14C-C9BC-4AD3-9B23-047D4FF69DAC}.NoVariablesDefault|Any CPU.ActiveCfg = Release|Any CPU
		{61E3F14C-C9BC-4AD3-9B23-047D4FF69DAC}.NoVariablesDefault|Any CPU.Build.0 = Release|Any CPU
		{61E3F14C-C9BC-4AD3-9B23-047D4FF69DAC}.NoVariablesDefault|x64.ActiveCfg = Release|Any CPU
		{61E3F14C-C9BC-4AD3-9B23-047D4FF69DAC}.NoVariablesDefault|x64.Build.0 = Release|Any CPU
		{61E3F14C-C9BC-4AD3-9B23-047D4FF69DAC}.NoVariablesDefault|x86.ActiveCfg = Release|Any CPU
		{61E3F14C-C9BC-4AD3-9B23-047D4FF69DAC}.NoVariablesDefault|x86.Build.0 = Release|Any CPU
		{61E3F14C-C9BC-4AD3-9B23-047D4FF69DAC}.Release|Any CPU.ActiveCfg = Release|Any CPU
		{61E3F14C-C9BC-4AD3-9B23-047D4FF69DAC}.Release|Any CPU.Build.0 = Release|Any CPU
		{61E3F14C-C9BC-4AD3-9B23-047D4FF69DAC}.Release|x64.ActiveCfg = Release|Any CPU
		{61E3F14C-C9BC-4AD3-9B23-047D4FF69DAC}.Release|x64.Build.0 = Release|Any CPU
		{61E3F14C-C9BC-4AD3-9B23-047D4FF69DAC}.Release|x86.ActiveCfg = Release|Any CPU
		{61E3F14C-C9BC-4AD3-9B23-047D4FF69DAC}.Release|x86.Build.0 = Release|Any CPU
		{CDC8BC9F-8EEE-4E8F-9949-74690F4A5242}.Debug|Any CPU.ActiveCfg = Debug|Any CPU
		{CDC8BC9F-8EEE-4E8F-9949-74690F4A5242}.Debug|Any CPU.Build.0 = Debug|Any CPU
		{CDC8BC9F-8EEE-4E8F-9949-74690F4A5242}.Debug|x64.ActiveCfg = Debug|Any CPU
		{CDC8BC9F-8EEE-4E8F-9949-74690F4A5242}.Debug|x64.Build.0 = Debug|Any CPU
		{CDC8BC9F-8EEE-4E8F-9949-74690F4A5242}.Debug|x86.ActiveCfg = Debug|Any CPU
		{CDC8BC9F-8EEE-4E8F-9949-74690F4A5242}.Debug|x86.Build.0 = Debug|Any CPU
		{CDC8BC9F-8EEE-4E8F-9949-74690F4A5242}.NoVariablesDefault|Any CPU.ActiveCfg = Release|Any CPU
		{CDC8BC9F-8EEE-4E8F-9949-74690F4A5242}.NoVariablesDefault|Any CPU.Build.0 = Release|Any CPU
		{CDC8BC9F-8EEE-4E8F-9949-74690F4A5242}.NoVariablesDefault|x64.ActiveCfg = Release|Any CPU
		{CDC8BC9F-8EEE-4E8F-9949-74690F4A5242}.NoVariablesDefault|x64.Build.0 = Release|Any CPU
		{CDC8BC9F-8EEE-4E8F-9949-74690F4A5242}.NoVariablesDefault|x86.ActiveCfg = Release|Any CPU
		{CDC8BC9F-8EEE-4E8F-9949-74690F4A5242}.NoVariablesDefault|x86.Build.0 = Release|Any CPU
		{CDC8BC9F-8EEE-4E8F-9949-74690F4A5242}.Release|Any CPU.ActiveCfg = Release|Any CPU
		{CDC8BC9F-8EEE-4E8F-9949-74690F4A5242}.Release|Any CPU.Build.0 = Release|Any CPU
		{CDC8BC9F-8EEE-4E8F-9949-74690F4A5242}.Release|x64.ActiveCfg = Release|Any CPU
		{CDC8BC9F-8EEE-4E8F-9949-74690F4A5242}.Release|x64.Build.0 = Release|Any CPU
		{CDC8BC9F-8EEE-4E8F-9949-74690F4A5242}.Release|x86.ActiveCfg = Release|Any CPU
		{CDC8BC9F-8EEE-4E8F-9949-74690F4A5242}.Release|x86.Build.0 = Release|Any CPU
		{76D385CC-DB57-4F87-9C6C-C86274C0B50A}.Debug|Any CPU.ActiveCfg = Debug|Any CPU
		{76D385CC-DB57-4F87-9C6C-C86274C0B50A}.Debug|Any CPU.Build.0 = Debug|Any CPU
		{76D385CC-DB57-4F87-9C6C-C86274C0B50A}.Debug|x64.ActiveCfg = Debug|Any CPU
		{76D385CC-DB57-4F87-9C6C-C86274C0B50A}.Debug|x64.Build.0 = Debug|Any CPU
		{76D385CC-DB57-4F87-9C6C-C86274C0B50A}.Debug|x86.ActiveCfg = Debug|Any CPU
		{76D385CC-DB57-4F87-9C6C-C86274C0B50A}.Debug|x86.Build.0 = Debug|Any CPU
		{76D385CC-DB57-4F87-9C6C-C86274C0B50A}.NoVariablesDefault|Any CPU.ActiveCfg = Release|Any CPU
		{76D385CC-DB57-4F87-9C6C-C86274C0B50A}.NoVariablesDefault|Any CPU.Build.0 = Release|Any CPU
		{76D385CC-DB57-4F87-9C6C-C86274C0B50A}.NoVariablesDefault|x64.ActiveCfg = Release|Any CPU
		{76D385CC-DB57-4F87-9C6C-C86274C0B50A}.NoVariablesDefault|x64.Build.0 = Release|Any CPU
		{76D385CC-DB57-4F87-9C6C-C86274C0B50A}.NoVariablesDefault|x86.ActiveCfg = Release|Any CPU
		{76D385CC-DB57-4F87-9C6C-C86274C0B50A}.NoVariablesDefault|x86.Build.0 = Release|Any CPU
		{76D385CC-DB57-4F87-9C6C-C86274C0B50A}.Release|Any CPU.ActiveCfg = Release|Any CPU
		{76D385CC-DB57-4F87-9C6C-C86274C0B50A}.Release|Any CPU.Build.0 = Release|Any CPU
		{76D385CC-DB57-4F87-9C6C-C86274C0B50A}.Release|x64.ActiveCfg = Release|Any CPU
		{76D385CC-DB57-4F87-9C6C-C86274C0B50A}.Release|x64.Build.0 = Release|Any CPU
		{76D385CC-DB57-4F87-9C6C-C86274C0B50A}.Release|x86.ActiveCfg = Release|Any CPU
		{76D385CC-DB57-4F87-9C6C-C86274C0B50A}.Release|x86.Build.0 = Release|Any CPU
		{8DA1531D-6EFD-47C6-B94F-0565BDBD1367}.Debug|Any CPU.ActiveCfg = Debug|Any CPU
		{8DA1531D-6EFD-47C6-B94F-0565BDBD1367}.Debug|Any CPU.Build.0 = Debug|Any CPU
		{8DA1531D-6EFD-47C6-B94F-0565BDBD1367}.Debug|x64.ActiveCfg = Debug|Any CPU
		{8DA1531D-6EFD-47C6-B94F-0565BDBD1367}.Debug|x64.Build.0 = Debug|Any CPU
		{8DA1531D-6EFD-47C6-B94F-0565BDBD1367}.Debug|x86.ActiveCfg = Debug|Any CPU
		{8DA1531D-6EFD-47C6-B94F-0565BDBD1367}.Debug|x86.Build.0 = Debug|Any CPU
		{8DA1531D-6EFD-47C6-B94F-0565BDBD1367}.NoVariablesDefault|Any CPU.ActiveCfg = Release|Any CPU
		{8DA1531D-6EFD-47C6-B94F-0565BDBD1367}.NoVariablesDefault|Any CPU.Build.0 = Release|Any CPU
		{8DA1531D-6EFD-47C6-B94F-0565BDBD1367}.NoVariablesDefault|x64.ActiveCfg = Release|Any CPU
		{8DA1531D-6EFD-47C6-B94F-0565BDBD1367}.NoVariablesDefault|x64.Build.0 = Release|Any CPU
		{8DA1531D-6EFD-47C6-B94F-0565BDBD1367}.NoVariablesDefault|x86.ActiveCfg = Release|Any CPU
		{8DA1531D-6EFD-47C6-B94F-0565BDBD1367}.NoVariablesDefault|x86.Build.0 = Release|Any CPU
		{8DA1531D-6EFD-47C6-B94F-0565BDBD1367}.Release|Any CPU.ActiveCfg = Release|Any CPU
		{8DA1531D-6EFD-47C6-B94F-0565BDBD1367}.Release|Any CPU.Build.0 = Release|Any CPU
		{8DA1531D-6EFD-47C6-B94F-0565BDBD1367}.Release|x64.ActiveCfg = Release|Any CPU
		{8DA1531D-6EFD-47C6-B94F-0565BDBD1367}.Release|x64.Build.0 = Release|Any CPU
		{8DA1531D-6EFD-47C6-B94F-0565BDBD1367}.Release|x86.ActiveCfg = Release|Any CPU
		{8DA1531D-6EFD-47C6-B94F-0565BDBD1367}.Release|x86.Build.0 = Release|Any CPU
		{2A23C1E0-C527-4061-86E4-79D6BBE505E2}.Debug|Any CPU.ActiveCfg = Debug|Any CPU
		{2A23C1E0-C527-4061-86E4-79D6BBE505E2}.Debug|Any CPU.Build.0 = Debug|Any CPU
		{2A23C1E0-C527-4061-86E4-79D6BBE505E2}.Debug|x64.ActiveCfg = Debug|Any CPU
		{2A23C1E0-C527-4061-86E4-79D6BBE505E2}.Debug|x64.Build.0 = Debug|Any CPU
		{2A23C1E0-C527-4061-86E4-79D6BBE505E2}.Debug|x86.ActiveCfg = Debug|Any CPU
		{2A23C1E0-C527-4061-86E4-79D6BBE505E2}.Debug|x86.Build.0 = Debug|Any CPU
		{2A23C1E0-C527-4061-86E4-79D6BBE505E2}.NoVariablesDefault|Any CPU.ActiveCfg = Release|Any CPU
		{2A23C1E0-C527-4061-86E4-79D6BBE505E2}.NoVariablesDefault|Any CPU.Build.0 = Release|Any CPU
		{2A23C1E0-C527-4061-86E4-79D6BBE505E2}.NoVariablesDefault|x64.ActiveCfg = Release|Any CPU
		{2A23C1E0-C527-4061-86E4-79D6BBE505E2}.NoVariablesDefault|x64.Build.0 = Release|Any CPU
		{2A23C1E0-C527-4061-86E4-79D6BBE505E2}.NoVariablesDefault|x86.ActiveCfg = Release|Any CPU
		{2A23C1E0-C527-4061-86E4-79D6BBE505E2}.NoVariablesDefault|x86.Build.0 = Release|Any CPU
		{2A23C1E0-C527-4061-86E4-79D6BBE505E2}.Release|Any CPU.ActiveCfg = Release|Any CPU
		{2A23C1E0-C527-4061-86E4-79D6BBE505E2}.Release|Any CPU.Build.0 = Release|Any CPU
		{2A23C1E0-C527-4061-86E4-79D6BBE505E2}.Release|x64.ActiveCfg = Release|Any CPU
		{2A23C1E0-C527-4061-86E4-79D6BBE505E2}.Release|x64.Build.0 = Release|Any CPU
		{2A23C1E0-C527-4061-86E4-79D6BBE505E2}.Release|x86.ActiveCfg = Release|Any CPU
		{2A23C1E0-C527-4061-86E4-79D6BBE505E2}.Release|x86.Build.0 = Release|Any CPU
		{1A980380-E32C-4BE1-9917-3DD815CF4340}.Debug|Any CPU.ActiveCfg = Debug|Any CPU
		{1A980380-E32C-4BE1-9917-3DD815CF4340}.Debug|Any CPU.Build.0 = Debug|Any CPU
		{1A980380-E32C-4BE1-9917-3DD815CF4340}.Debug|x64.ActiveCfg = Debug|Any CPU
		{1A980380-E32C-4BE1-9917-3DD815CF4340}.Debug|x64.Build.0 = Debug|Any CPU
		{1A980380-E32C-4BE1-9917-3DD815CF4340}.Debug|x86.ActiveCfg = Debug|Any CPU
		{1A980380-E32C-4BE1-9917-3DD815CF4340}.Debug|x86.Build.0 = Debug|Any CPU
		{1A980380-E32C-4BE1-9917-3DD815CF4340}.NoVariablesDefault|Any CPU.ActiveCfg = Release|Any CPU
		{1A980380-E32C-4BE1-9917-3DD815CF4340}.NoVariablesDefault|Any CPU.Build.0 = Release|Any CPU
		{1A980380-E32C-4BE1-9917-3DD815CF4340}.NoVariablesDefault|x64.ActiveCfg = Release|Any CPU
		{1A980380-E32C-4BE1-9917-3DD815CF4340}.NoVariablesDefault|x64.Build.0 = Release|Any CPU
		{1A980380-E32C-4BE1-9917-3DD815CF4340}.NoVariablesDefault|x86.ActiveCfg = Release|Any CPU
		{1A980380-E32C-4BE1-9917-3DD815CF4340}.NoVariablesDefault|x86.Build.0 = Release|Any CPU
		{1A980380-E32C-4BE1-9917-3DD815CF4340}.Release|Any CPU.ActiveCfg = Release|Any CPU
		{1A980380-E32C-4BE1-9917-3DD815CF4340}.Release|Any CPU.Build.0 = Release|Any CPU
		{1A980380-E32C-4BE1-9917-3DD815CF4340}.Release|x64.ActiveCfg = Release|Any CPU
		{1A980380-E32C-4BE1-9917-3DD815CF4340}.Release|x64.Build.0 = Release|Any CPU
		{1A980380-E32C-4BE1-9917-3DD815CF4340}.Release|x86.ActiveCfg = Release|Any CPU
		{1A980380-E32C-4BE1-9917-3DD815CF4340}.Release|x86.Build.0 = Release|Any CPU
		{9C4F5A2A-25CE-4494-BFA1-56DF0AE41805}.Debug|Any CPU.ActiveCfg = Debug|Any CPU
		{9C4F5A2A-25CE-4494-BFA1-56DF0AE41805}.Debug|Any CPU.Build.0 = Debug|Any CPU
		{9C4F5A2A-25CE-4494-BFA1-56DF0AE41805}.Debug|x64.ActiveCfg = Debug|Any CPU
		{9C4F5A2A-25CE-4494-BFA1-56DF0AE41805}.Debug|x64.Build.0 = Debug|Any CPU
		{9C4F5A2A-25CE-4494-BFA1-56DF0AE41805}.Debug|x86.ActiveCfg = Debug|Any CPU
		{9C4F5A2A-25CE-4494-BFA1-56DF0AE41805}.Debug|x86.Build.0 = Debug|Any CPU
		{9C4F5A2A-25CE-4494-BFA1-56DF0AE41805}.NoVariablesDefault|Any CPU.ActiveCfg = Release|Any CPU
		{9C4F5A2A-25CE-4494-BFA1-56DF0AE41805}.NoVariablesDefault|Any CPU.Build.0 = Release|Any CPU
		{9C4F5A2A-25CE-4494-BFA1-56DF0AE41805}.NoVariablesDefault|x64.ActiveCfg = Release|Any CPU
		{9C4F5A2A-25CE-4494-BFA1-56DF0AE41805}.NoVariablesDefault|x64.Build.0 = Release|Any CPU
		{9C4F5A2A-25CE-4494-BFA1-56DF0AE41805}.NoVariablesDefault|x86.ActiveCfg = Release|Any CPU
		{9C4F5A2A-25CE-4494-BFA1-56DF0AE41805}.NoVariablesDefault|x86.Build.0 = Release|Any CPU
		{9C4F5A2A-25CE-4494-BFA1-56DF0AE41805}.Release|Any CPU.ActiveCfg = Release|Any CPU
		{9C4F5A2A-25CE-4494-BFA1-56DF0AE41805}.Release|Any CPU.Build.0 = Release|Any CPU
		{9C4F5A2A-25CE-4494-BFA1-56DF0AE41805}.Release|x64.ActiveCfg = Release|Any CPU
		{9C4F5A2A-25CE-4494-BFA1-56DF0AE41805}.Release|x64.Build.0 = Release|Any CPU
		{9C4F5A2A-25CE-4494-BFA1-56DF0AE41805}.Release|x86.ActiveCfg = Release|Any CPU
		{9C4F5A2A-25CE-4494-BFA1-56DF0AE41805}.Release|x86.Build.0 = Release|Any CPU
		{8573543C-7F17-4C06-A758-E2C777980FB1}.Debug|Any CPU.ActiveCfg = Debug|Any CPU
		{8573543C-7F17-4C06-A758-E2C777980FB1}.Debug|Any CPU.Build.0 = Debug|Any CPU
		{8573543C-7F17-4C06-A758-E2C777980FB1}.Debug|x64.ActiveCfg = Debug|Any CPU
		{8573543C-7F17-4C06-A758-E2C777980FB1}.Debug|x64.Build.0 = Debug|Any CPU
		{8573543C-7F17-4C06-A758-E2C777980FB1}.Debug|x86.ActiveCfg = Debug|Any CPU
		{8573543C-7F17-4C06-A758-E2C777980FB1}.Debug|x86.Build.0 = Debug|Any CPU
		{8573543C-7F17-4C06-A758-E2C777980FB1}.NoVariablesDefault|Any CPU.ActiveCfg = Release|Any CPU
		{8573543C-7F17-4C06-A758-E2C777980FB1}.NoVariablesDefault|Any CPU.Build.0 = Release|Any CPU
		{8573543C-7F17-4C06-A758-E2C777980FB1}.NoVariablesDefault|x64.ActiveCfg = Release|Any CPU
		{8573543C-7F17-4C06-A758-E2C777980FB1}.NoVariablesDefault|x64.Build.0 = Release|Any CPU
		{8573543C-7F17-4C06-A758-E2C777980FB1}.NoVariablesDefault|x86.ActiveCfg = Release|Any CPU
		{8573543C-7F17-4C06-A758-E2C777980FB1}.NoVariablesDefault|x86.Build.0 = Release|Any CPU
		{8573543C-7F17-4C06-A758-E2C777980FB1}.Release|Any CPU.ActiveCfg = Release|Any CPU
		{8573543C-7F17-4C06-A758-E2C777980FB1}.Release|Any CPU.Build.0 = Release|Any CPU
		{8573543C-7F17-4C06-A758-E2C777980FB1}.Release|x64.ActiveCfg = Release|Any CPU
		{8573543C-7F17-4C06-A758-E2C777980FB1}.Release|x64.Build.0 = Release|Any CPU
		{8573543C-7F17-4C06-A758-E2C777980FB1}.Release|x86.ActiveCfg = Release|Any CPU
		{8573543C-7F17-4C06-A758-E2C777980FB1}.Release|x86.Build.0 = Release|Any CPU
		{B92DB07E-F347-4253-959C-1900BDCD8833}.Debug|Any CPU.ActiveCfg = Debug|Any CPU
		{B92DB07E-F347-4253-959C-1900BDCD8833}.Debug|Any CPU.Build.0 = Debug|Any CPU
		{B92DB07E-F347-4253-959C-1900BDCD8833}.Debug|x64.ActiveCfg = Debug|Any CPU
		{B92DB07E-F347-4253-959C-1900BDCD8833}.Debug|x64.Build.0 = Debug|Any CPU
		{B92DB07E-F347-4253-959C-1900BDCD8833}.Debug|x86.ActiveCfg = Debug|Any CPU
		{B92DB07E-F347-4253-959C-1900BDCD8833}.Debug|x86.Build.0 = Debug|Any CPU
		{B92DB07E-F347-4253-959C-1900BDCD8833}.NoVariablesDefault|Any CPU.ActiveCfg = Release|Any CPU
		{B92DB07E-F347-4253-959C-1900BDCD8833}.NoVariablesDefault|Any CPU.Build.0 = Release|Any CPU
		{B92DB07E-F347-4253-959C-1900BDCD8833}.NoVariablesDefault|x64.ActiveCfg = Release|Any CPU
		{B92DB07E-F347-4253-959C-1900BDCD8833}.NoVariablesDefault|x64.Build.0 = Release|Any CPU
		{B92DB07E-F347-4253-959C-1900BDCD8833}.NoVariablesDefault|x86.ActiveCfg = Release|Any CPU
		{B92DB07E-F347-4253-959C-1900BDCD8833}.NoVariablesDefault|x86.Build.0 = Release|Any CPU
		{B92DB07E-F347-4253-959C-1900BDCD8833}.Release|Any CPU.ActiveCfg = Release|Any CPU
		{B92DB07E-F347-4253-959C-1900BDCD8833}.Release|Any CPU.Build.0 = Release|Any CPU
		{B92DB07E-F347-4253-959C-1900BDCD8833}.Release|x64.ActiveCfg = Release|Any CPU
		{B92DB07E-F347-4253-959C-1900BDCD8833}.Release|x64.Build.0 = Release|Any CPU
		{B92DB07E-F347-4253-959C-1900BDCD8833}.Release|x86.ActiveCfg = Release|Any CPU
		{B92DB07E-F347-4253-959C-1900BDCD8833}.Release|x86.Build.0 = Release|Any CPU
		{992B526F-0827-47D5-B7BC-8E9197D0870C}.Debug|Any CPU.ActiveCfg = Debug|Any CPU
		{992B526F-0827-47D5-B7BC-8E9197D0870C}.Debug|Any CPU.Build.0 = Debug|Any CPU
		{992B526F-0827-47D5-B7BC-8E9197D0870C}.Debug|x64.ActiveCfg = Debug|Any CPU
		{992B526F-0827-47D5-B7BC-8E9197D0870C}.Debug|x64.Build.0 = Debug|Any CPU
		{992B526F-0827-47D5-B7BC-8E9197D0870C}.Debug|x86.ActiveCfg = Debug|Any CPU
		{992B526F-0827-47D5-B7BC-8E9197D0870C}.Debug|x86.Build.0 = Debug|Any CPU
		{992B526F-0827-47D5-B7BC-8E9197D0870C}.NoVariablesDefault|Any CPU.ActiveCfg = Release|Any CPU
		{992B526F-0827-47D5-B7BC-8E9197D0870C}.NoVariablesDefault|Any CPU.Build.0 = Release|Any CPU
		{992B526F-0827-47D5-B7BC-8E9197D0870C}.NoVariablesDefault|x64.ActiveCfg = Release|Any CPU
		{992B526F-0827-47D5-B7BC-8E9197D0870C}.NoVariablesDefault|x64.Build.0 = Release|Any CPU
		{992B526F-0827-47D5-B7BC-8E9197D0870C}.NoVariablesDefault|x86.ActiveCfg = Release|Any CPU
		{992B526F-0827-47D5-B7BC-8E9197D0870C}.NoVariablesDefault|x86.Build.0 = Release|Any CPU
		{992B526F-0827-47D5-B7BC-8E9197D0870C}.Release|Any CPU.ActiveCfg = Release|Any CPU
		{992B526F-0827-47D5-B7BC-8E9197D0870C}.Release|Any CPU.Build.0 = Release|Any CPU
		{992B526F-0827-47D5-B7BC-8E9197D0870C}.Release|x64.ActiveCfg = Release|Any CPU
		{992B526F-0827-47D5-B7BC-8E9197D0870C}.Release|x64.Build.0 = Release|Any CPU
		{992B526F-0827-47D5-B7BC-8E9197D0870C}.Release|x86.ActiveCfg = Release|Any CPU
		{992B526F-0827-47D5-B7BC-8E9197D0870C}.Release|x86.Build.0 = Release|Any CPU
		{9828F08B-DADC-4AEB-9572-9FB40F207AAB}.Debug|Any CPU.ActiveCfg = Debug|Any CPU
		{9828F08B-DADC-4AEB-9572-9FB40F207AAB}.Debug|Any CPU.Build.0 = Debug|Any CPU
		{9828F08B-DADC-4AEB-9572-9FB40F207AAB}.Debug|x64.ActiveCfg = Debug|Any CPU
		{9828F08B-DADC-4AEB-9572-9FB40F207AAB}.Debug|x64.Build.0 = Debug|Any CPU
		{9828F08B-DADC-4AEB-9572-9FB40F207AAB}.Debug|x86.ActiveCfg = Debug|Any CPU
		{9828F08B-DADC-4AEB-9572-9FB40F207AAB}.Debug|x86.Build.0 = Debug|Any CPU
		{9828F08B-DADC-4AEB-9572-9FB40F207AAB}.NoVariablesDefault|Any CPU.ActiveCfg = Release|Any CPU
		{9828F08B-DADC-4AEB-9572-9FB40F207AAB}.NoVariablesDefault|Any CPU.Build.0 = Release|Any CPU
		{9828F08B-DADC-4AEB-9572-9FB40F207AAB}.NoVariablesDefault|x64.ActiveCfg = Release|Any CPU
		{9828F08B-DADC-4AEB-9572-9FB40F207AAB}.NoVariablesDefault|x64.Build.0 = Release|Any CPU
		{9828F08B-DADC-4AEB-9572-9FB40F207AAB}.NoVariablesDefault|x86.ActiveCfg = Release|Any CPU
		{9828F08B-DADC-4AEB-9572-9FB40F207AAB}.NoVariablesDefault|x86.Build.0 = Release|Any CPU
		{9828F08B-DADC-4AEB-9572-9FB40F207AAB}.Release|Any CPU.ActiveCfg = Release|Any CPU
		{9828F08B-DADC-4AEB-9572-9FB40F207AAB}.Release|Any CPU.Build.0 = Release|Any CPU
		{9828F08B-DADC-4AEB-9572-9FB40F207AAB}.Release|x64.ActiveCfg = Release|Any CPU
		{9828F08B-DADC-4AEB-9572-9FB40F207AAB}.Release|x64.Build.0 = Release|Any CPU
		{9828F08B-DADC-4AEB-9572-9FB40F207AAB}.Release|x86.ActiveCfg = Release|Any CPU
		{9828F08B-DADC-4AEB-9572-9FB40F207AAB}.Release|x86.Build.0 = Release|Any CPU
		{76CEF422-1712-4A38-AF3B-FDD1E61BA8EC}.Debug|Any CPU.ActiveCfg = Debug|Any CPU
		{76CEF422-1712-4A38-AF3B-FDD1E61BA8EC}.Debug|Any CPU.Build.0 = Debug|Any CPU
		{76CEF422-1712-4A38-AF3B-FDD1E61BA8EC}.Debug|x64.ActiveCfg = Debug|Any CPU
		{76CEF422-1712-4A38-AF3B-FDD1E61BA8EC}.Debug|x64.Build.0 = Debug|Any CPU
		{76CEF422-1712-4A38-AF3B-FDD1E61BA8EC}.Debug|x86.ActiveCfg = Debug|Any CPU
		{76CEF422-1712-4A38-AF3B-FDD1E61BA8EC}.Debug|x86.Build.0 = Debug|Any CPU
		{76CEF422-1712-4A38-AF3B-FDD1E61BA8EC}.NoVariablesDefault|Any CPU.ActiveCfg = Release|Any CPU
		{76CEF422-1712-4A38-AF3B-FDD1E61BA8EC}.NoVariablesDefault|Any CPU.Build.0 = Release|Any CPU
		{76CEF422-1712-4A38-AF3B-FDD1E61BA8EC}.NoVariablesDefault|x64.ActiveCfg = Release|Any CPU
		{76CEF422-1712-4A38-AF3B-FDD1E61BA8EC}.NoVariablesDefault|x64.Build.0 = Release|Any CPU
		{76CEF422-1712-4A38-AF3B-FDD1E61BA8EC}.NoVariablesDefault|x86.ActiveCfg = Release|Any CPU
		{76CEF422-1712-4A38-AF3B-FDD1E61BA8EC}.NoVariablesDefault|x86.Build.0 = Release|Any CPU
		{76CEF422-1712-4A38-AF3B-FDD1E61BA8EC}.Release|Any CPU.ActiveCfg = Release|Any CPU
		{76CEF422-1712-4A38-AF3B-FDD1E61BA8EC}.Release|Any CPU.Build.0 = Release|Any CPU
		{76CEF422-1712-4A38-AF3B-FDD1E61BA8EC}.Release|x64.ActiveCfg = Release|Any CPU
		{76CEF422-1712-4A38-AF3B-FDD1E61BA8EC}.Release|x64.Build.0 = Release|Any CPU
		{76CEF422-1712-4A38-AF3B-FDD1E61BA8EC}.Release|x86.ActiveCfg = Release|Any CPU
		{76CEF422-1712-4A38-AF3B-FDD1E61BA8EC}.Release|x86.Build.0 = Release|Any CPU
		{98AA268B-2ABA-4509-985E-52F9C48DF219}.Debug|Any CPU.ActiveCfg = Debug|Any CPU
		{98AA268B-2ABA-4509-985E-52F9C48DF219}.Debug|Any CPU.Build.0 = Debug|Any CPU
		{98AA268B-2ABA-4509-985E-52F9C48DF219}.Debug|x64.ActiveCfg = Debug|Any CPU
		{98AA268B-2ABA-4509-985E-52F9C48DF219}.Debug|x64.Build.0 = Debug|Any CPU
		{98AA268B-2ABA-4509-985E-52F9C48DF219}.Debug|x86.ActiveCfg = Debug|Any CPU
		{98AA268B-2ABA-4509-985E-52F9C48DF219}.Debug|x86.Build.0 = Debug|Any CPU
		{98AA268B-2ABA-4509-985E-52F9C48DF219}.NoVariablesDefault|Any CPU.ActiveCfg = Release|Any CPU
		{98AA268B-2ABA-4509-985E-52F9C48DF219}.NoVariablesDefault|Any CPU.Build.0 = Release|Any CPU
		{98AA268B-2ABA-4509-985E-52F9C48DF219}.NoVariablesDefault|x64.ActiveCfg = Release|Any CPU
		{98AA268B-2ABA-4509-985E-52F9C48DF219}.NoVariablesDefault|x64.Build.0 = Release|Any CPU
		{98AA268B-2ABA-4509-985E-52F9C48DF219}.NoVariablesDefault|x86.ActiveCfg = Release|Any CPU
		{98AA268B-2ABA-4509-985E-52F9C48DF219}.NoVariablesDefault|x86.Build.0 = Release|Any CPU
		{98AA268B-2ABA-4509-985E-52F9C48DF219}.Release|Any CPU.ActiveCfg = Release|Any CPU
		{98AA268B-2ABA-4509-985E-52F9C48DF219}.Release|Any CPU.Build.0 = Release|Any CPU
		{98AA268B-2ABA-4509-985E-52F9C48DF219}.Release|x64.ActiveCfg = Release|Any CPU
		{98AA268B-2ABA-4509-985E-52F9C48DF219}.Release|x64.Build.0 = Release|Any CPU
		{98AA268B-2ABA-4509-985E-52F9C48DF219}.Release|x86.ActiveCfg = Release|Any CPU
		{98AA268B-2ABA-4509-985E-52F9C48DF219}.Release|x86.Build.0 = Release|Any CPU
		{95C6D706-9586-45B5-9521-CBF57B0241D8}.Debug|Any CPU.ActiveCfg = Debug|Any CPU
		{95C6D706-9586-45B5-9521-CBF57B0241D8}.Debug|Any CPU.Build.0 = Debug|Any CPU
		{95C6D706-9586-45B5-9521-CBF57B0241D8}.Debug|x64.ActiveCfg = Debug|Any CPU
		{95C6D706-9586-45B5-9521-CBF57B0241D8}.Debug|x64.Build.0 = Debug|Any CPU
		{95C6D706-9586-45B5-9521-CBF57B0241D8}.Debug|x86.ActiveCfg = Debug|Any CPU
		{95C6D706-9586-45B5-9521-CBF57B0241D8}.Debug|x86.Build.0 = Debug|Any CPU
		{95C6D706-9586-45B5-9521-CBF57B0241D8}.NoVariablesDefault|Any CPU.ActiveCfg = Release|Any CPU
		{95C6D706-9586-45B5-9521-CBF57B0241D8}.NoVariablesDefault|Any CPU.Build.0 = Release|Any CPU
		{95C6D706-9586-45B5-9521-CBF57B0241D8}.NoVariablesDefault|x64.ActiveCfg = Release|Any CPU
		{95C6D706-9586-45B5-9521-CBF57B0241D8}.NoVariablesDefault|x64.Build.0 = Release|Any CPU
		{95C6D706-9586-45B5-9521-CBF57B0241D8}.NoVariablesDefault|x86.ActiveCfg = Release|Any CPU
		{95C6D706-9586-45B5-9521-CBF57B0241D8}.NoVariablesDefault|x86.Build.0 = Release|Any CPU
		{95C6D706-9586-45B5-9521-CBF57B0241D8}.Release|Any CPU.ActiveCfg = Release|Any CPU
		{95C6D706-9586-45B5-9521-CBF57B0241D8}.Release|Any CPU.Build.0 = Release|Any CPU
		{95C6D706-9586-45B5-9521-CBF57B0241D8}.Release|x64.ActiveCfg = Release|Any CPU
		{95C6D706-9586-45B5-9521-CBF57B0241D8}.Release|x64.Build.0 = Release|Any CPU
		{95C6D706-9586-45B5-9521-CBF57B0241D8}.Release|x86.ActiveCfg = Release|Any CPU
		{95C6D706-9586-45B5-9521-CBF57B0241D8}.Release|x86.Build.0 = Release|Any CPU
		{3D8B3460-7A92-48D4-8E7C-D2B1D1A024F5}.Debug|Any CPU.ActiveCfg = Debug|Any CPU
		{3D8B3460-7A92-48D4-8E7C-D2B1D1A024F5}.Debug|Any CPU.Build.0 = Debug|Any CPU
		{3D8B3460-7A92-48D4-8E7C-D2B1D1A024F5}.Debug|x64.ActiveCfg = Debug|Any CPU
		{3D8B3460-7A92-48D4-8E7C-D2B1D1A024F5}.Debug|x64.Build.0 = Debug|Any CPU
		{3D8B3460-7A92-48D4-8E7C-D2B1D1A024F5}.Debug|x86.ActiveCfg = Debug|Any CPU
		{3D8B3460-7A92-48D4-8E7C-D2B1D1A024F5}.Debug|x86.Build.0 = Debug|Any CPU
		{3D8B3460-7A92-48D4-8E7C-D2B1D1A024F5}.NoVariablesDefault|Any CPU.ActiveCfg = Release|Any CPU
		{3D8B3460-7A92-48D4-8E7C-D2B1D1A024F5}.NoVariablesDefault|Any CPU.Build.0 = Release|Any CPU
		{3D8B3460-7A92-48D4-8E7C-D2B1D1A024F5}.NoVariablesDefault|x64.ActiveCfg = Release|Any CPU
		{3D8B3460-7A92-48D4-8E7C-D2B1D1A024F5}.NoVariablesDefault|x64.Build.0 = Release|Any CPU
		{3D8B3460-7A92-48D4-8E7C-D2B1D1A024F5}.NoVariablesDefault|x86.ActiveCfg = Release|Any CPU
		{3D8B3460-7A92-48D4-8E7C-D2B1D1A024F5}.NoVariablesDefault|x86.Build.0 = Release|Any CPU
		{3D8B3460-7A92-48D4-8E7C-D2B1D1A024F5}.Release|Any CPU.ActiveCfg = Release|Any CPU
		{3D8B3460-7A92-48D4-8E7C-D2B1D1A024F5}.Release|Any CPU.Build.0 = Release|Any CPU
		{3D8B3460-7A92-48D4-8E7C-D2B1D1A024F5}.Release|x64.ActiveCfg = Release|Any CPU
		{3D8B3460-7A92-48D4-8E7C-D2B1D1A024F5}.Release|x64.Build.0 = Release|Any CPU
		{3D8B3460-7A92-48D4-8E7C-D2B1D1A024F5}.Release|x86.ActiveCfg = Release|Any CPU
		{3D8B3460-7A92-48D4-8E7C-D2B1D1A024F5}.Release|x86.Build.0 = Release|Any CPU
		{2ECD4B3E-BBEB-44DE-862D-CF4B23E216DC}.Debug|Any CPU.ActiveCfg = Debug|Any CPU
		{2ECD4B3E-BBEB-44DE-862D-CF4B23E216DC}.Debug|Any CPU.Build.0 = Debug|Any CPU
		{2ECD4B3E-BBEB-44DE-862D-CF4B23E216DC}.Debug|x64.ActiveCfg = Debug|Any CPU
		{2ECD4B3E-BBEB-44DE-862D-CF4B23E216DC}.Debug|x64.Build.0 = Debug|Any CPU
		{2ECD4B3E-BBEB-44DE-862D-CF4B23E216DC}.Debug|x86.ActiveCfg = Debug|Any CPU
		{2ECD4B3E-BBEB-44DE-862D-CF4B23E216DC}.Debug|x86.Build.0 = Debug|Any CPU
		{2ECD4B3E-BBEB-44DE-862D-CF4B23E216DC}.NoVariablesDefault|Any CPU.ActiveCfg = Release|Any CPU
		{2ECD4B3E-BBEB-44DE-862D-CF4B23E216DC}.NoVariablesDefault|Any CPU.Build.0 = Release|Any CPU
		{2ECD4B3E-BBEB-44DE-862D-CF4B23E216DC}.NoVariablesDefault|x64.ActiveCfg = Release|Any CPU
		{2ECD4B3E-BBEB-44DE-862D-CF4B23E216DC}.NoVariablesDefault|x64.Build.0 = Release|Any CPU
		{2ECD4B3E-BBEB-44DE-862D-CF4B23E216DC}.NoVariablesDefault|x86.ActiveCfg = Release|Any CPU
		{2ECD4B3E-BBEB-44DE-862D-CF4B23E216DC}.NoVariablesDefault|x86.Build.0 = Release|Any CPU
		{2ECD4B3E-BBEB-44DE-862D-CF4B23E216DC}.Release|Any CPU.ActiveCfg = Release|Any CPU
		{2ECD4B3E-BBEB-44DE-862D-CF4B23E216DC}.Release|Any CPU.Build.0 = Release|Any CPU
		{2ECD4B3E-BBEB-44DE-862D-CF4B23E216DC}.Release|x64.ActiveCfg = Release|Any CPU
		{2ECD4B3E-BBEB-44DE-862D-CF4B23E216DC}.Release|x64.Build.0 = Release|Any CPU
		{2ECD4B3E-BBEB-44DE-862D-CF4B23E216DC}.Release|x86.ActiveCfg = Release|Any CPU
		{2ECD4B3E-BBEB-44DE-862D-CF4B23E216DC}.Release|x86.Build.0 = Release|Any CPU
		{D839F128-6055-46D1-AB2B-D934A811F3A4}.Debug|Any CPU.ActiveCfg = Debug|Any CPU
		{D839F128-6055-46D1-AB2B-D934A811F3A4}.Debug|Any CPU.Build.0 = Debug|Any CPU
		{D839F128-6055-46D1-AB2B-D934A811F3A4}.Debug|x64.ActiveCfg = Debug|Any CPU
		{D839F128-6055-46D1-AB2B-D934A811F3A4}.Debug|x64.Build.0 = Debug|Any CPU
		{D839F128-6055-46D1-AB2B-D934A811F3A4}.Debug|x86.ActiveCfg = Debug|Any CPU
		{D839F128-6055-46D1-AB2B-D934A811F3A4}.Debug|x86.Build.0 = Debug|Any CPU
		{D839F128-6055-46D1-AB2B-D934A811F3A4}.NoVariablesDefault|Any CPU.ActiveCfg = Release|Any CPU
		{D839F128-6055-46D1-AB2B-D934A811F3A4}.NoVariablesDefault|Any CPU.Build.0 = Release|Any CPU
		{D839F128-6055-46D1-AB2B-D934A811F3A4}.NoVariablesDefault|x64.ActiveCfg = Release|Any CPU
		{D839F128-6055-46D1-AB2B-D934A811F3A4}.NoVariablesDefault|x64.Build.0 = Release|Any CPU
		{D839F128-6055-46D1-AB2B-D934A811F3A4}.NoVariablesDefault|x86.ActiveCfg = Release|Any CPU
		{D839F128-6055-46D1-AB2B-D934A811F3A4}.NoVariablesDefault|x86.Build.0 = Release|Any CPU
		{D839F128-6055-46D1-AB2B-D934A811F3A4}.Release|Any CPU.ActiveCfg = Release|Any CPU
		{D839F128-6055-46D1-AB2B-D934A811F3A4}.Release|Any CPU.Build.0 = Release|Any CPU
		{D839F128-6055-46D1-AB2B-D934A811F3A4}.Release|x64.ActiveCfg = Release|Any CPU
		{D839F128-6055-46D1-AB2B-D934A811F3A4}.Release|x64.Build.0 = Release|Any CPU
		{D839F128-6055-46D1-AB2B-D934A811F3A4}.Release|x86.ActiveCfg = Release|Any CPU
		{D839F128-6055-46D1-AB2B-D934A811F3A4}.Release|x86.Build.0 = Release|Any CPU
		{0FEEC6B8-194F-4C7B-85F1-D96D55BD907B}.Debug|Any CPU.ActiveCfg = Debug|Any CPU
		{0FEEC6B8-194F-4C7B-85F1-D96D55BD907B}.Debug|Any CPU.Build.0 = Debug|Any CPU
		{0FEEC6B8-194F-4C7B-85F1-D96D55BD907B}.Debug|x64.ActiveCfg = Debug|Any CPU
		{0FEEC6B8-194F-4C7B-85F1-D96D55BD907B}.Debug|x64.Build.0 = Debug|Any CPU
		{0FEEC6B8-194F-4C7B-85F1-D96D55BD907B}.Debug|x86.ActiveCfg = Debug|Any CPU
		{0FEEC6B8-194F-4C7B-85F1-D96D55BD907B}.Debug|x86.Build.0 = Debug|Any CPU
		{0FEEC6B8-194F-4C7B-85F1-D96D55BD907B}.NoVariablesDefault|Any CPU.ActiveCfg = Release|Any CPU
		{0FEEC6B8-194F-4C7B-85F1-D96D55BD907B}.NoVariablesDefault|Any CPU.Build.0 = Release|Any CPU
		{0FEEC6B8-194F-4C7B-85F1-D96D55BD907B}.NoVariablesDefault|x64.ActiveCfg = Release|Any CPU
		{0FEEC6B8-194F-4C7B-85F1-D96D55BD907B}.NoVariablesDefault|x64.Build.0 = Release|Any CPU
		{0FEEC6B8-194F-4C7B-85F1-D96D55BD907B}.NoVariablesDefault|x86.ActiveCfg = Release|Any CPU
		{0FEEC6B8-194F-4C7B-85F1-D96D55BD907B}.NoVariablesDefault|x86.Build.0 = Release|Any CPU
		{0FEEC6B8-194F-4C7B-85F1-D96D55BD907B}.Release|Any CPU.ActiveCfg = Release|Any CPU
		{0FEEC6B8-194F-4C7B-85F1-D96D55BD907B}.Release|Any CPU.Build.0 = Release|Any CPU
		{0FEEC6B8-194F-4C7B-85F1-D96D55BD907B}.Release|x64.ActiveCfg = Release|Any CPU
		{0FEEC6B8-194F-4C7B-85F1-D96D55BD907B}.Release|x64.Build.0 = Release|Any CPU
		{0FEEC6B8-194F-4C7B-85F1-D96D55BD907B}.Release|x86.ActiveCfg = Release|Any CPU
		{0FEEC6B8-194F-4C7B-85F1-D96D55BD907B}.Release|x86.Build.0 = Release|Any CPU
		{598247E6-5552-429F-9B63-94481B118676}.Debug|Any CPU.ActiveCfg = Debug|Any CPU
		{598247E6-5552-429F-9B63-94481B118676}.Debug|Any CPU.Build.0 = Debug|Any CPU
		{598247E6-5552-429F-9B63-94481B118676}.Debug|x64.ActiveCfg = NoVariablesDefault
		{598247E6-5552-429F-9B63-94481B118676}.Debug|x64.Build.0 = NoVariablesDefault
		{598247E6-5552-429F-9B63-94481B118676}.Debug|x86.ActiveCfg = NoVariablesDefault
		{598247E6-5552-429F-9B63-94481B118676}.Debug|x86.Build.0 = NoVariablesDefault
		{598247E6-5552-429F-9B63-94481B118676}.NoVariablesDefault|Any CPU.ActiveCfg = NoVariablesDefault
		{598247E6-5552-429F-9B63-94481B118676}.NoVariablesDefault|Any CPU.Build.0 = NoVariablesDefault
		{598247E6-5552-429F-9B63-94481B118676}.NoVariablesDefault|x64.ActiveCfg = NoVariablesDefault
		{598247E6-5552-429F-9B63-94481B118676}.NoVariablesDefault|x64.Build.0 = NoVariablesDefault
		{598247E6-5552-429F-9B63-94481B118676}.NoVariablesDefault|x86.ActiveCfg = NoVariablesDefault
		{598247E6-5552-429F-9B63-94481B118676}.NoVariablesDefault|x86.Build.0 = NoVariablesDefault
		{598247E6-5552-429F-9B63-94481B118676}.Release|Any CPU.ActiveCfg = NoVariablesDefault
		{598247E6-5552-429F-9B63-94481B118676}.Release|Any CPU.Build.0 = NoVariablesDefault
		{598247E6-5552-429F-9B63-94481B118676}.Release|x64.ActiveCfg = NoVariablesDefault
		{598247E6-5552-429F-9B63-94481B118676}.Release|x64.Build.0 = NoVariablesDefault
		{598247E6-5552-429F-9B63-94481B118676}.Release|x86.ActiveCfg = NoVariablesDefault
		{598247E6-5552-429F-9B63-94481B118676}.Release|x86.Build.0 = NoVariablesDefault
		{4726AFBA-1762-4FC4-B06B-2A0A83BDE642}.Debug|Any CPU.ActiveCfg = Debug|Any CPU
		{4726AFBA-1762-4FC4-B06B-2A0A83BDE642}.Debug|Any CPU.Build.0 = Debug|Any CPU
		{4726AFBA-1762-4FC4-B06B-2A0A83BDE642}.Debug|x64.ActiveCfg = Debug|Any CPU
		{4726AFBA-1762-4FC4-B06B-2A0A83BDE642}.Debug|x64.Build.0 = Debug|Any CPU
		{4726AFBA-1762-4FC4-B06B-2A0A83BDE642}.Debug|x86.ActiveCfg = Debug|Any CPU
		{4726AFBA-1762-4FC4-B06B-2A0A83BDE642}.Debug|x86.Build.0 = Debug|Any CPU
		{4726AFBA-1762-4FC4-B06B-2A0A83BDE642}.NoVariablesDefault|Any CPU.ActiveCfg = Debug|Any CPU
		{4726AFBA-1762-4FC4-B06B-2A0A83BDE642}.NoVariablesDefault|Any CPU.Build.0 = Debug|Any CPU
		{4726AFBA-1762-4FC4-B06B-2A0A83BDE642}.NoVariablesDefault|x64.ActiveCfg = Debug|Any CPU
		{4726AFBA-1762-4FC4-B06B-2A0A83BDE642}.NoVariablesDefault|x64.Build.0 = Debug|Any CPU
		{4726AFBA-1762-4FC4-B06B-2A0A83BDE642}.NoVariablesDefault|x86.ActiveCfg = Debug|Any CPU
		{4726AFBA-1762-4FC4-B06B-2A0A83BDE642}.NoVariablesDefault|x86.Build.0 = Debug|Any CPU
		{4726AFBA-1762-4FC4-B06B-2A0A83BDE642}.Release|Any CPU.ActiveCfg = Release|Any CPU
		{4726AFBA-1762-4FC4-B06B-2A0A83BDE642}.Release|Any CPU.Build.0 = Release|Any CPU
		{4726AFBA-1762-4FC4-B06B-2A0A83BDE642}.Release|x64.ActiveCfg = Release|Any CPU
		{4726AFBA-1762-4FC4-B06B-2A0A83BDE642}.Release|x64.Build.0 = Release|Any CPU
		{4726AFBA-1762-4FC4-B06B-2A0A83BDE642}.Release|x86.ActiveCfg = Release|Any CPU
		{4726AFBA-1762-4FC4-B06B-2A0A83BDE642}.Release|x86.Build.0 = Release|Any CPU
		{68995E90-2C0A-4ABC-9D1C-47BF89C05C48}.Debug|Any CPU.ActiveCfg = Debug|Any CPU
		{68995E90-2C0A-4ABC-9D1C-47BF89C05C48}.Debug|Any CPU.Build.0 = Debug|Any CPU
		{68995E90-2C0A-4ABC-9D1C-47BF89C05C48}.Debug|x64.ActiveCfg = Debug|Any CPU
		{68995E90-2C0A-4ABC-9D1C-47BF89C05C48}.Debug|x64.Build.0 = Debug|Any CPU
		{68995E90-2C0A-4ABC-9D1C-47BF89C05C48}.Debug|x86.ActiveCfg = Debug|Any CPU
		{68995E90-2C0A-4ABC-9D1C-47BF89C05C48}.Debug|x86.Build.0 = Debug|Any CPU
		{68995E90-2C0A-4ABC-9D1C-47BF89C05C48}.NoVariablesDefault|Any CPU.ActiveCfg = Debug|Any CPU
		{68995E90-2C0A-4ABC-9D1C-47BF89C05C48}.NoVariablesDefault|Any CPU.Build.0 = Debug|Any CPU
		{68995E90-2C0A-4ABC-9D1C-47BF89C05C48}.NoVariablesDefault|x64.ActiveCfg = Debug|Any CPU
		{68995E90-2C0A-4ABC-9D1C-47BF89C05C48}.NoVariablesDefault|x64.Build.0 = Debug|Any CPU
		{68995E90-2C0A-4ABC-9D1C-47BF89C05C48}.NoVariablesDefault|x86.ActiveCfg = Debug|Any CPU
		{68995E90-2C0A-4ABC-9D1C-47BF89C05C48}.NoVariablesDefault|x86.Build.0 = Debug|Any CPU
		{68995E90-2C0A-4ABC-9D1C-47BF89C05C48}.Release|Any CPU.ActiveCfg = Release|Any CPU
		{68995E90-2C0A-4ABC-9D1C-47BF89C05C48}.Release|Any CPU.Build.0 = Release|Any CPU
		{68995E90-2C0A-4ABC-9D1C-47BF89C05C48}.Release|x64.ActiveCfg = Release|Any CPU
		{68995E90-2C0A-4ABC-9D1C-47BF89C05C48}.Release|x64.Build.0 = Release|Any CPU
		{68995E90-2C0A-4ABC-9D1C-47BF89C05C48}.Release|x86.ActiveCfg = Release|Any CPU
		{68995E90-2C0A-4ABC-9D1C-47BF89C05C48}.Release|x86.Build.0 = Release|Any CPU
		{0F76D419-7FD4-487C-BE76-86887A608215}.Debug|Any CPU.ActiveCfg = Debug|Any CPU
		{0F76D419-7FD4-487C-BE76-86887A608215}.Debug|Any CPU.Build.0 = Debug|Any CPU
		{0F76D419-7FD4-487C-BE76-86887A608215}.Debug|x64.ActiveCfg = Debug|Any CPU
		{0F76D419-7FD4-487C-BE76-86887A608215}.Debug|x64.Build.0 = Debug|Any CPU
		{0F76D419-7FD4-487C-BE76-86887A608215}.Debug|x86.ActiveCfg = Debug|Any CPU
		{0F76D419-7FD4-487C-BE76-86887A608215}.Debug|x86.Build.0 = Debug|Any CPU
		{0F76D419-7FD4-487C-BE76-86887A608215}.NoVariablesDefault|Any CPU.ActiveCfg = Debug|Any CPU
		{0F76D419-7FD4-487C-BE76-86887A608215}.NoVariablesDefault|Any CPU.Build.0 = Debug|Any CPU
		{0F76D419-7FD4-487C-BE76-86887A608215}.NoVariablesDefault|x64.ActiveCfg = Debug|Any CPU
		{0F76D419-7FD4-487C-BE76-86887A608215}.NoVariablesDefault|x64.Build.0 = Debug|Any CPU
		{0F76D419-7FD4-487C-BE76-86887A608215}.NoVariablesDefault|x86.ActiveCfg = Debug|Any CPU
		{0F76D419-7FD4-487C-BE76-86887A608215}.NoVariablesDefault|x86.Build.0 = Debug|Any CPU
		{0F76D419-7FD4-487C-BE76-86887A608215}.Release|Any CPU.ActiveCfg = Release|Any CPU
		{0F76D419-7FD4-487C-BE76-86887A608215}.Release|Any CPU.Build.0 = Release|Any CPU
		{0F76D419-7FD4-487C-BE76-86887A608215}.Release|x64.ActiveCfg = Release|Any CPU
		{0F76D419-7FD4-487C-BE76-86887A608215}.Release|x64.Build.0 = Release|Any CPU
		{0F76D419-7FD4-487C-BE76-86887A608215}.Release|x86.ActiveCfg = Release|Any CPU
		{0F76D419-7FD4-487C-BE76-86887A608215}.Release|x86.Build.0 = Release|Any CPU
		{BC2EDA7C-5B4A-4165-ABF9-EB5290DABA72}.Debug|Any CPU.ActiveCfg = Debug|Any CPU
		{BC2EDA7C-5B4A-4165-ABF9-EB5290DABA72}.Debug|Any CPU.Build.0 = Debug|Any CPU
		{BC2EDA7C-5B4A-4165-ABF9-EB5290DABA72}.Debug|x64.ActiveCfg = Debug|Any CPU
		{BC2EDA7C-5B4A-4165-ABF9-EB5290DABA72}.Debug|x64.Build.0 = Debug|Any CPU
		{BC2EDA7C-5B4A-4165-ABF9-EB5290DABA72}.Debug|x86.ActiveCfg = Debug|Any CPU
		{BC2EDA7C-5B4A-4165-ABF9-EB5290DABA72}.Debug|x86.Build.0 = Debug|Any CPU
		{BC2EDA7C-5B4A-4165-ABF9-EB5290DABA72}.NoVariablesDefault|Any CPU.ActiveCfg = Debug|Any CPU
		{BC2EDA7C-5B4A-4165-ABF9-EB5290DABA72}.NoVariablesDefault|Any CPU.Build.0 = Debug|Any CPU
		{BC2EDA7C-5B4A-4165-ABF9-EB5290DABA72}.NoVariablesDefault|x64.ActiveCfg = Debug|Any CPU
		{BC2EDA7C-5B4A-4165-ABF9-EB5290DABA72}.NoVariablesDefault|x64.Build.0 = Debug|Any CPU
		{BC2EDA7C-5B4A-4165-ABF9-EB5290DABA72}.NoVariablesDefault|x86.ActiveCfg = Debug|Any CPU
		{BC2EDA7C-5B4A-4165-ABF9-EB5290DABA72}.NoVariablesDefault|x86.Build.0 = Debug|Any CPU
		{BC2EDA7C-5B4A-4165-ABF9-EB5290DABA72}.Release|Any CPU.ActiveCfg = Release|Any CPU
		{BC2EDA7C-5B4A-4165-ABF9-EB5290DABA72}.Release|Any CPU.Build.0 = Release|Any CPU
		{BC2EDA7C-5B4A-4165-ABF9-EB5290DABA72}.Release|x64.ActiveCfg = Release|Any CPU
		{BC2EDA7C-5B4A-4165-ABF9-EB5290DABA72}.Release|x64.Build.0 = Release|Any CPU
		{BC2EDA7C-5B4A-4165-ABF9-EB5290DABA72}.Release|x86.ActiveCfg = Release|Any CPU
		{BC2EDA7C-5B4A-4165-ABF9-EB5290DABA72}.Release|x86.Build.0 = Release|Any CPU
	EndGlobalSection
	GlobalSection(SolutionProperties) = preSolution
		HideSolutionNode = FALSE
	EndGlobalSection
	GlobalSection(NestedProjects) = preSolution
		{61E3F14C-C9BC-4AD3-9B23-047D4FF69DAC} = {E6E12A37-2AD0-42D6-874C-D7969E993757}
		{CDC8BC9F-8EEE-4E8F-9949-74690F4A5242} = {E6E12A37-2AD0-42D6-874C-D7969E993757}
		{76D385CC-DB57-4F87-9C6C-C86274C0B50A} = {E6E12A37-2AD0-42D6-874C-D7969E993757}
		{8DA1531D-6EFD-47C6-B94F-0565BDBD1367} = {E6E12A37-2AD0-42D6-874C-D7969E993757}
		{2A23C1E0-C527-4061-86E4-79D6BBE505E2} = {7C3834AC-9247-4221-B237-BDB0512E56E5}
		{1A980380-E32C-4BE1-9917-3DD815CF4340} = {7C3834AC-9247-4221-B237-BDB0512E56E5}
		{9C4F5A2A-25CE-4494-BFA1-56DF0AE41805} = {7C3834AC-9247-4221-B237-BDB0512E56E5}
		{8573543C-7F17-4C06-A758-E2C777980FB1} = {7C3834AC-9247-4221-B237-BDB0512E56E5}
		{B92DB07E-F347-4253-959C-1900BDCD8833} = {58CC8628-D16A-4203-BE26-78D5DC045F86}
		{992B526F-0827-47D5-B7BC-8E9197D0870C} = {58CC8628-D16A-4203-BE26-78D5DC045F86}
		{9828F08B-DADC-4AEB-9572-9FB40F207AAB} = {CCBF83D7-04D4-4B19-976B-8635170C7FE3}
		{76CEF422-1712-4A38-AF3B-FDD1E61BA8EC} = {CCBF83D7-04D4-4B19-976B-8635170C7FE3}
		{98AA268B-2ABA-4509-985E-52F9C48DF219} = {CCBF83D7-04D4-4B19-976B-8635170C7FE3}
		{95C6D706-9586-45B5-9521-CBF57B0241D8} = {CCBF83D7-04D4-4B19-976B-8635170C7FE3}
		{3D8B3460-7A92-48D4-8E7C-D2B1D1A024F5} = {C8D7458E-EC60-4950-9877-856059939F2D}
		{2ECD4B3E-BBEB-44DE-862D-CF4B23E216DC} = {C8D7458E-EC60-4950-9877-856059939F2D}
		{D839F128-6055-46D1-AB2B-D934A811F3A4} = {C8D7458E-EC60-4950-9877-856059939F2D}
		{0FEEC6B8-194F-4C7B-85F1-D96D55BD907B} = {C8D7458E-EC60-4950-9877-856059939F2D}
		{4726AFBA-1762-4FC4-B06B-2A0A83BDE642} = {669BBB83-139E-40C3-8CB4-3A9F2603CA6E}
		{68995E90-2C0A-4ABC-9D1C-47BF89C05C48} = {669BBB83-139E-40C3-8CB4-3A9F2603CA6E}
		{0F76D419-7FD4-487C-BE76-86887A608215} = {669BBB83-139E-40C3-8CB4-3A9F2603CA6E}
		{BC2EDA7C-5B4A-4165-ABF9-EB5290DABA72} = {669BBB83-139E-40C3-8CB4-3A9F2603CA6E}
	EndGlobalSection
	GlobalSection(ExtensibilityGlobals) = postSolution
		SolutionGuid = {4449518A-91F7-4C25-AE26-8CBAEA014A79}
	EndGlobalSection
EndGlobal
